// !$*UTF8*$!
{
	archiveVersion = 1;
	classes = {
	};
	objectVersion = 51;
	objects = {

/* Begin PBXBuildFile section */
		3B90CD9AD3A7372B12AB5CD5 /* Pods_cychain_copy.framework in Frameworks */ = {isa = PBXBuildFile; fileRef = 24702ECDFB47F5137A06E549 /* Pods_cychain_copy.framework */; };
		4EBBACCCD90A50341E661C39 /* Pods_cychain.framework in Frameworks */ = {isa = PBXBuildFile; fileRef = FF1F406F8A45EAE86A839763 /* Pods_cychain.framework */; };
		7C5A1F21E31E164F5B2F688A /* (null) in Frameworks */ = {isa = PBXBuildFile; };
		8C0C345422F51889005014F8 /* MessageUI.framework in Frameworks */ = {isa = PBXBuildFile; fileRef = 8C0C345322F51888005014F8 /* MessageUI.framework */; };
		8C249842246FB5D000F81972 /* AuthViewModel.swift in Sources */ = {isa = PBXBuildFile; fileRef = 8C249841246FB5D000F81972 /* AuthViewModel.swift */; };
		8C249843246FB5D000F81972 /* AuthViewModel.swift in Sources */ = {isa = PBXBuildFile; fileRef = 8C249841246FB5D000F81972 /* AuthViewModel.swift */; };
		8C265FDA24403A6F00E21AFF /* EditData.swift in Sources */ = {isa = PBXBuildFile; fileRef = 8C3E3131241CE743008A4DAF /* EditData.swift */; };
		8C303D6224334A5C00F080AB /* UserDataModel.swift in Sources */ = {isa = PBXBuildFile; fileRef = 8C303D6124334A5C00F080AB /* UserDataModel.swift */; };
		8C303D6324334A5C00F080AB /* UserDataModel.swift in Sources */ = {isa = PBXBuildFile; fileRef = 8C303D6124334A5C00F080AB /* UserDataModel.swift */; };
		8C303D68243879F500F080AB /* AuthModel.swift in Sources */ = {isa = PBXBuildFile; fileRef = 8C303D67243879F500F080AB /* AuthModel.swift */; };
		8C303D69243879F500F080AB /* AuthModel.swift in Sources */ = {isa = PBXBuildFile; fileRef = 8C303D67243879F500F080AB /* AuthModel.swift */; };
		8C303D712439CAFD00F080AB /* AuthView.swift in Sources */ = {isa = PBXBuildFile; fileRef = 8C303D702439CAFD00F080AB /* AuthView.swift */; };
		8C303D722439CAFD00F080AB /* AuthView.swift in Sources */ = {isa = PBXBuildFile; fileRef = 8C303D702439CAFD00F080AB /* AuthView.swift */; };
		8C303D742439CB0F00F080AB /* AuthView.xib in Resources */ = {isa = PBXBuildFile; fileRef = 8C303D732439CB0F00F080AB /* AuthView.xib */; };
		8C303D752439CB0F00F080AB /* AuthView.xib in Resources */ = {isa = PBXBuildFile; fileRef = 8C303D732439CB0F00F080AB /* AuthView.xib */; };
		8C3E3132241CE743008A4DAF /* EditData.swift in Sources */ = {isa = PBXBuildFile; fileRef = 8C3E3131241CE743008A4DAF /* EditData.swift */; };
		8C3FCD5E24D3A09300ADC76B /* PostResultModel.swift in Sources */ = {isa = PBXBuildFile; fileRef = 8C3FCD5D24D3A09300ADC76B /* PostResultModel.swift */; };
		8C3FCD5F24D3A09300ADC76B /* PostResultModel.swift in Sources */ = {isa = PBXBuildFile; fileRef = 8C3FCD5D24D3A09300ADC76B /* PostResultModel.swift */; };
		8C420CF62452B19800769F01 /* Extention.swift in Sources */ = {isa = PBXBuildFile; fileRef = 8C420CF52452B19800769F01 /* Extention.swift */; };
		8C420CF72452B19800769F01 /* Extention.swift in Sources */ = {isa = PBXBuildFile; fileRef = 8C420CF52452B19800769F01 /* Extention.swift */; };
		8C420CF92452B27F00769F01 /* String.swift in Sources */ = {isa = PBXBuildFile; fileRef = 8C420CF82452B27F00769F01 /* String.swift */; };
		8C420CFA2452B27F00769F01 /* String.swift in Sources */ = {isa = PBXBuildFile; fileRef = 8C420CF82452B27F00769F01 /* String.swift */; };
		8C420CFF24540EB000769F01 /* PostListModel.swift in Sources */ = {isa = PBXBuildFile; fileRef = 8C420CFE24540EB000769F01 /* PostListModel.swift */; };
		8C420D0024540EB000769F01 /* PostListModel.swift in Sources */ = {isa = PBXBuildFile; fileRef = 8C420CFE24540EB000769F01 /* PostListModel.swift */; };
		8C420D05245E2A2500769F01 /* SettingModel.swift in Sources */ = {isa = PBXBuildFile; fileRef = 8C420D04245E2A2500769F01 /* SettingModel.swift */; };
		8C420D06245E2A2500769F01 /* SettingModel.swift in Sources */ = {isa = PBXBuildFile; fileRef = 8C420D04245E2A2500769F01 /* SettingModel.swift */; };
		8C420D08245E7DDB00769F01 /* Alert.swift in Sources */ = {isa = PBXBuildFile; fileRef = 8C420D07245E7DDB00769F01 /* Alert.swift */; };
		8C420D09245E7DDB00769F01 /* Alert.swift in Sources */ = {isa = PBXBuildFile; fileRef = 8C420D07245E7DDB00769F01 /* Alert.swift */; };
		8C4230342409F5CD00160A04 /* ScrollKeyBoard.swift in Sources */ = {isa = PBXBuildFile; fileRef = 8C4230332409F5CD00160A04 /* ScrollKeyBoard.swift */; };
		8C4230352409F5CD00160A04 /* ScrollKeyBoard.swift in Sources */ = {isa = PBXBuildFile; fileRef = 8C4230332409F5CD00160A04 /* ScrollKeyBoard.swift */; };
		8C423038240EE7D300160A04 /* UDKey.swift in Sources */ = {isa = PBXBuildFile; fileRef = 8C423037240EE7D300160A04 /* UDKey.swift */; };
		8C42303B240EFD1E00160A04 /* Pods_cychain.framework in Embed Frameworks */ = {isa = PBXBuildFile; fileRef = 8C423039240EFD1E00160A04 /* Pods_cychain.framework */; settings = {ATTRIBUTES = (CodeSignOnCopy, RemoveHeadersOnCopy, ); }; };
		8C42303F240FB98600160A04 /* UDKey.swift in Sources */ = {isa = PBXBuildFile; fileRef = 8C423037240EE7D300160A04 /* UDKey.swift */; };
		8C42304124110BFB00160A04 /* ImagePickerControllert.swift in Sources */ = {isa = PBXBuildFile; fileRef = 8C42304024110BFA00160A04 /* ImagePickerControllert.swift */; };
		8C43513D24D5365B0035FDC4 /* ViewModelType.swift in Sources */ = {isa = PBXBuildFile; fileRef = 8C43513C24D5365B0035FDC4 /* ViewModelType.swift */; };
		8C43513E24D5365B0035FDC4 /* ViewModelType.swift in Sources */ = {isa = PBXBuildFile; fileRef = 8C43513C24D5365B0035FDC4 /* ViewModelType.swift */; };
		8C43514024D537B10035FDC4 /* PostListViewModel.swift in Sources */ = {isa = PBXBuildFile; fileRef = 8C43513F24D537B10035FDC4 /* PostListViewModel.swift */; };
		8C43514124D537B10035FDC4 /* PostListViewModel.swift in Sources */ = {isa = PBXBuildFile; fileRef = 8C43513F24D537B10035FDC4 /* PostListViewModel.swift */; };
		8C48B7A324E4D249000346AB /* SetUserDefault.swift in Sources */ = {isa = PBXBuildFile; fileRef = 8C48B7A124E4D249000346AB /* SetUserDefault.swift */; };
		8C48B7A424E4D249000346AB /* SetUserDefault.swift in Sources */ = {isa = PBXBuildFile; fileRef = 8C48B7A124E4D249000346AB /* SetUserDefault.swift */; };
		8C48B7A524E4D249000346AB /* SetFirebase.swift in Sources */ = {isa = PBXBuildFile; fileRef = 8C48B7A224E4D249000346AB /* SetFirebase.swift */; };
		8C48B7A624E4D249000346AB /* SetFirebase.swift in Sources */ = {isa = PBXBuildFile; fileRef = 8C48B7A224E4D249000346AB /* SetFirebase.swift */; };
		8C4B052924E2688600FA724F /* SearchViewModel.swift in Sources */ = {isa = PBXBuildFile; fileRef = 8C4B052824E2688600FA724F /* SearchViewModel.swift */; };
		8C4B052A24E2688600FA724F /* SearchViewModel.swift in Sources */ = {isa = PBXBuildFile; fileRef = 8C4B052824E2688600FA724F /* SearchViewModel.swift */; };
		8C4CF5AF24EAAA2E002C8173 /* MatchPopupViewModel.swift in Sources */ = {isa = PBXBuildFile; fileRef = 8C4CF5AE24EAAA2E002C8173 /* MatchPopupViewModel.swift */; };
		8C4CF5B024EAAA2E002C8173 /* MatchPopupViewModel.swift in Sources */ = {isa = PBXBuildFile; fileRef = 8C4CF5AE24EAAA2E002C8173 /* MatchPopupViewModel.swift */; };
		8C4CF5B224ECA30E002C8173 /* MatchModel.swift in Sources */ = {isa = PBXBuildFile; fileRef = 8C4CF5B124ECA30E002C8173 /* MatchModel.swift */; };
		8C4CF5B324ECA30E002C8173 /* MatchModel.swift in Sources */ = {isa = PBXBuildFile; fileRef = 8C4CF5B124ECA30E002C8173 /* MatchModel.swift */; };
		8C4CF5B824EE21B1002C8173 /* SearchResultViewController.swift in Sources */ = {isa = PBXBuildFile; fileRef = 8C4CF5B724EE21B1002C8173 /* SearchResultViewController.swift */; };
		8C4CF5B924EE21B1002C8173 /* SearchResultViewController.swift in Sources */ = {isa = PBXBuildFile; fileRef = 8C4CF5B724EE21B1002C8173 /* SearchResultViewController.swift */; };
		8C50ACC4239289AC00FAFBC4 /* inputDataListCell.swift in Sources */ = {isa = PBXBuildFile; fileRef = 8C50ACBC239289AC00FAFBC4 /* inputDataListCell.swift */; };
		8C50ACC7239289AC00FAFBC4 /* NameCell.swift in Sources */ = {isa = PBXBuildFile; fileRef = 8C50ACBF239289AC00FAFBC4 /* NameCell.swift */; };
		8C50ACDC23928F5C00FAFBC4 /* Pager_SignUp_ViewController.swift in Sources */ = {isa = PBXBuildFile; fileRef = 8C50ACCA23928F5C00FAFBC4 /* Pager_SignUp_ViewController.swift */; };
		8C50ACDD23928F5C00FAFBC4 /* SeachResultMultipleViewCOntroller.swift in Sources */ = {isa = PBXBuildFile; fileRef = 8C50ACCB23928F5C00FAFBC4 /* SeachResultMultipleViewCOntroller.swift */; };
		8C50ACDE23928F5C00FAFBC4 /* LogInViewController.swift in Sources */ = {isa = PBXBuildFile; fileRef = 8C50ACCC23928F5C00FAFBC4 /* LogInViewController.swift */; };
		8C50ACDF23928F5C00FAFBC4 /* SettingsViewController.swift in Sources */ = {isa = PBXBuildFile; fileRef = 8C50ACCD23928F5C00FAFBC4 /* SettingsViewController.swift */; };
		8C50ACE023928F5C00FAFBC4 /* PolicyViewController.swift in Sources */ = {isa = PBXBuildFile; fileRef = 8C50ACCE23928F5C00FAFBC4 /* PolicyViewController.swift */; };
		8C50ACE123928F5C00FAFBC4 /* SeachResultViewCotroller.swift in Sources */ = {isa = PBXBuildFile; fileRef = 8C50ACCF23928F5C00FAFBC4 /* SeachResultViewCotroller.swift */; };
		8C50ACE323928F5C00FAFBC4 /* TermsViewController.swift in Sources */ = {isa = PBXBuildFile; fileRef = 8C50ACD123928F5C00FAFBC4 /* TermsViewController.swift */; };
		8C50ACE423928F5C00FAFBC4 /* Pager_LogIn_ViewController.swift in Sources */ = {isa = PBXBuildFile; fileRef = 8C50ACD223928F5C00FAFBC4 /* Pager_LogIn_ViewController.swift */; };
		8C50ACE523928F5C00FAFBC4 /* SelectViewController.swift in Sources */ = {isa = PBXBuildFile; fileRef = 8C50ACD323928F5C00FAFBC4 /* SelectViewController.swift */; };
		8C50ACE623928F5C00FAFBC4 /* PostListViewController.swift in Sources */ = {isa = PBXBuildFile; fileRef = 8C50ACD423928F5C00FAFBC4 /* PostListViewController.swift */; };
		8C50ACE723928F5C00FAFBC4 /* SignUpViewController.swift in Sources */ = {isa = PBXBuildFile; fileRef = 8C50ACD523928F5C00FAFBC4 /* SignUpViewController.swift */; };
		8C50ACE823928F5C00FAFBC4 /* PostViewController.swift in Sources */ = {isa = PBXBuildFile; fileRef = 8C50ACD623928F5C00FAFBC4 /* PostViewController.swift */; };
		8C50ACE923928F5C00FAFBC4 /* InitialViewController.swift in Sources */ = {isa = PBXBuildFile; fileRef = 8C50ACD723928F5C00FAFBC4 /* InitialViewController.swift */; };
		8C50ACEA23928F5C00FAFBC4 /* PostResultViewController.swift in Sources */ = {isa = PBXBuildFile; fileRef = 8C50ACD823928F5C00FAFBC4 /* PostResultViewController.swift */; };
		8C50ACEB23928F5C00FAFBC4 /* EditViewController.swift in Sources */ = {isa = PBXBuildFile; fileRef = 8C50ACD923928F5C00FAFBC4 /* EditViewController.swift */; };
		8C50ACEC23928F5C00FAFBC4 /* SeachResultListViewCOntroller.swift in Sources */ = {isa = PBXBuildFile; fileRef = 8C50ACDA23928F5C00FAFBC4 /* SeachResultListViewCOntroller.swift */; };
		8C50ACED23928F5C00FAFBC4 /* SearchViewController.swift in Sources */ = {isa = PBXBuildFile; fileRef = 8C50ACDB23928F5C00FAFBC4 /* SearchViewController.swift */; };
		8C54CBB824C705AF0079C316 /* ImageCrop.swift in Sources */ = {isa = PBXBuildFile; fileRef = 8C54CBB724C705AF0079C316 /* ImageCrop.swift */; };
		8C54CBB924C705AF0079C316 /* ImageCrop.swift in Sources */ = {isa = PBXBuildFile; fileRef = 8C54CBB724C705AF0079C316 /* ImageCrop.swift */; };
		8C70D344246153D800150E52 /* Onboarding.json in Resources */ = {isa = PBXBuildFile; fileRef = 8C70D343246153D800150E52 /* Onboarding.json */; };
		8C70D345246153D800150E52 /* Onboarding.json in Resources */ = {isa = PBXBuildFile; fileRef = 8C70D343246153D800150E52 /* Onboarding.json */; };
		8C70D347246157E900150E52 /* Onboarding.swift in Sources */ = {isa = PBXBuildFile; fileRef = 8C70D346246157E900150E52 /* Onboarding.swift */; };
		8C70D348246157E900150E52 /* Onboarding.swift in Sources */ = {isa = PBXBuildFile; fileRef = 8C70D346246157E900150E52 /* Onboarding.swift */; };
		8C750E01244711EC0003A82C /* MessageCell.swift in Sources */ = {isa = PBXBuildFile; fileRef = 8C750DFF244711EC0003A82C /* MessageCell.swift */; };
		8C750E02244711EC0003A82C /* MessageCell.swift in Sources */ = {isa = PBXBuildFile; fileRef = 8C750DFF244711EC0003A82C /* MessageCell.swift */; };
		8C750E03244711EC0003A82C /* PostCardMessageCell.xib in Resources */ = {isa = PBXBuildFile; fileRef = 8C750E00244711EC0003A82C /* PostCardMessageCell.xib */; };
		8C750E04244711EC0003A82C /* PostCardMessageCell.xib in Resources */ = {isa = PBXBuildFile; fileRef = 8C750E00244711EC0003A82C /* PostCardMessageCell.xib */; };
		8C7B1EBE21D925BC00AFE846 /* AppDelegate.swift in Sources */ = {isa = PBXBuildFile; fileRef = 8C7B1EBD21D925BC00AFE846 /* AppDelegate.swift */; };
		8C7B1EC521D925BC00AFE846 /* Assets.xcassets in Resources */ = {isa = PBXBuildFile; fileRef = 8C7B1EC421D925BC00AFE846 /* Assets.xcassets */; };
		8C7B1EC821D925BC00AFE846 /* LaunchScreen.storyboard in Resources */ = {isa = PBXBuildFile; fileRef = 8C7B1EC621D925BC00AFE846 /* LaunchScreen.storyboard */; };
		8C8B06F524238062007F7494 /* matchAnimateion.json in Resources */ = {isa = PBXBuildFile; fileRef = 8C8B06F424238062007F7494 /* matchAnimateion.json */; };
		8C8B06F624238062007F7494 /* matchAnimateion.json in Resources */ = {isa = PBXBuildFile; fileRef = 8C8B06F424238062007F7494 /* matchAnimateion.json */; };
		8C8B06FE242597E8007F7494 /* MuchPopUpVC.swift in Sources */ = {isa = PBXBuildFile; fileRef = 8C8B06FD242597E8007F7494 /* MuchPopUpVC.swift */; };
		8C8B06FF242597E8007F7494 /* MuchPopUpVC.swift in Sources */ = {isa = PBXBuildFile; fileRef = 8C8B06FD242597E8007F7494 /* MuchPopUpVC.swift */; };
		8C8B07042425A6EC007F7494 /* muchpopAnimation.json in Resources */ = {isa = PBXBuildFile; fileRef = 8C8B07032425A6EC007F7494 /* muchpopAnimation.json */; };
		8C8B07052425A6EC007F7494 /* muchpopAnimation.json in Resources */ = {isa = PBXBuildFile; fileRef = 8C8B07032425A6EC007F7494 /* muchpopAnimation.json */; };
		8C8B07072425A785007F7494 /* muchpopAnimation11.json in Resources */ = {isa = PBXBuildFile; fileRef = 8C8B07062425A785007F7494 /* muchpopAnimation11.json */; };
		8C8B07082425A785007F7494 /* muchpopAnimation11.json in Resources */ = {isa = PBXBuildFile; fileRef = 8C8B07062425A785007F7494 /* muchpopAnimation11.json */; };
		8C8B070A2427566E007F7494 /* MatchData.swift in Sources */ = {isa = PBXBuildFile; fileRef = 8C8B07092427566D007F7494 /* MatchData.swift */; };
		8C8B070B2427566E007F7494 /* MatchData.swift in Sources */ = {isa = PBXBuildFile; fileRef = 8C8B07092427566D007F7494 /* MatchData.swift */; };
		8C980EFF2463F0340071FFD2 /* R.generated.swift in Sources */ = {isa = PBXBuildFile; fileRef = 8C980EFE2463F0330071FFD2 /* R.generated.swift */; };
		8C980F002463F0340071FFD2 /* R.generated.swift in Sources */ = {isa = PBXBuildFile; fileRef = 8C980EFE2463F0330071FFD2 /* R.generated.swift */; };
		8CA19C9022EBC90200ED752F /* Main.storyboard in Resources */ = {isa = PBXBuildFile; fileRef = 8CA19C8F22EBC90200ED752F /* Main.storyboard */; };
		8CBD3E2F245067AB00DA7FCE /* ImagePickerControllert.swift in Sources */ = {isa = PBXBuildFile; fileRef = 8C42304024110BFA00160A04 /* ImagePickerControllert.swift */; };
		8CE1B4B22442EBF6009D8698 /* View.swift in Sources */ = {isa = PBXBuildFile; fileRef = 8CE1B4AB2442EBF6009D8698 /* View.swift */; };
		8CE1B4B32442EBF6009D8698 /* View.swift in Sources */ = {isa = PBXBuildFile; fileRef = 8CE1B4AB2442EBF6009D8698 /* View.swift */; };
		8CE1B4B42442EBF6009D8698 /* labele.swift in Sources */ = {isa = PBXBuildFile; fileRef = 8CE1B4AC2442EBF6009D8698 /* labele.swift */; };
		8CE1B4B52442EBF6009D8698 /* labele.swift in Sources */ = {isa = PBXBuildFile; fileRef = 8CE1B4AC2442EBF6009D8698 /* labele.swift */; };
		8CE1B4B62442EBF6009D8698 /* ShadowButton.swift in Sources */ = {isa = PBXBuildFile; fileRef = 8CE1B4AD2442EBF6009D8698 /* ShadowButton.swift */; };
		8CE1B4B72442EBF6009D8698 /* ShadowButton.swift in Sources */ = {isa = PBXBuildFile; fileRef = 8CE1B4AD2442EBF6009D8698 /* ShadowButton.swift */; };
		8CE1B4B82442EBF6009D8698 /* textField.swift in Sources */ = {isa = PBXBuildFile; fileRef = 8CE1B4AE2442EBF6009D8698 /* textField.swift */; };
		8CE1B4B92442EBF6009D8698 /* textField.swift in Sources */ = {isa = PBXBuildFile; fileRef = 8CE1B4AE2442EBF6009D8698 /* textField.swift */; };
		8CE1B4BA2442EBF6009D8698 /* textView.swift in Sources */ = {isa = PBXBuildFile; fileRef = 8CE1B4AF2442EBF6009D8698 /* textView.swift */; };
		8CE1B4BB2442EBF6009D8698 /* textView.swift in Sources */ = {isa = PBXBuildFile; fileRef = 8CE1B4AF2442EBF6009D8698 /* textView.swift */; };
		8CE1B4BC2442EBF6009D8698 /* contentView.swift in Sources */ = {isa = PBXBuildFile; fileRef = 8CE1B4B02442EBF6009D8698 /* contentView.swift */; };
		8CE1B4BD2442EBF6009D8698 /* contentView.swift in Sources */ = {isa = PBXBuildFile; fileRef = 8CE1B4B02442EBF6009D8698 /* contentView.swift */; };
		8CE1B4BE2442EBF6009D8698 /* Button.swift in Sources */ = {isa = PBXBuildFile; fileRef = 8CE1B4B12442EBF6009D8698 /* Button.swift */; };
		8CE1B4BF2442EBF6009D8698 /* Button.swift in Sources */ = {isa = PBXBuildFile; fileRef = 8CE1B4B12442EBF6009D8698 /* Button.swift */; };
		8CE1B4C22443A2AB009D8698 /* ProfileCell.swift in Sources */ = {isa = PBXBuildFile; fileRef = 8CE1B4C02443A2AB009D8698 /* ProfileCell.swift */; };
		8CE1B4C32443A2AB009D8698 /* ProfileCell.swift in Sources */ = {isa = PBXBuildFile; fileRef = 8CE1B4C02443A2AB009D8698 /* ProfileCell.swift */; };
		8CE1B4C42443A2AB009D8698 /* PostCardeTableViewCell.xib in Resources */ = {isa = PBXBuildFile; fileRef = 8CE1B4C12443A2AB009D8698 /* PostCardeTableViewCell.xib */; };
		8CE1B4C52443A2AB009D8698 /* PostCardeTableViewCell.xib in Resources */ = {isa = PBXBuildFile; fileRef = 8CE1B4C12443A2AB009D8698 /* PostCardeTableViewCell.xib */; };
		8CEA6A13247A9DDC00A1B283 /* PostViewModel.swift in Sources */ = {isa = PBXBuildFile; fileRef = 8CEA6A12247A9DDC00A1B283 /* PostViewModel.swift */; };
		8CEA6A14247A9DDC00A1B283 /* PostViewModel.swift in Sources */ = {isa = PBXBuildFile; fileRef = 8CEA6A12247A9DDC00A1B283 /* PostViewModel.swift */; };
		8CEA6A1624AB421100A1B283 /* PostResultViewModel.swift in Sources */ = {isa = PBXBuildFile; fileRef = 8CEA6A1524AB421100A1B283 /* PostResultViewModel.swift */; };
		8CEA6A1724AB421100A1B283 /* PostResultViewModel.swift in Sources */ = {isa = PBXBuildFile; fileRef = 8CEA6A1524AB421100A1B283 /* PostResultViewModel.swift */; };
		8CF3AE7A23F5544E00FC0648 /* GoogleService-Info.plist in Resources */ = {isa = PBXBuildFile; fileRef = 8CF3AE7923F5544E00FC0648 /* GoogleService-Info.plist */; };
		8CF3AE8023F5571D00FC0648 /* SeachResultViewCotroller.swift in Sources */ = {isa = PBXBuildFile; fileRef = 8C50ACCF23928F5C00FAFBC4 /* SeachResultViewCotroller.swift */; };
		8CF3AE8223F5571D00FC0648 /* Pager_SignUp_ViewController.swift in Sources */ = {isa = PBXBuildFile; fileRef = 8C50ACCA23928F5C00FAFBC4 /* Pager_SignUp_ViewController.swift */; };
		8CF3AE8523F5571D00FC0648 /* inputDataListCell.swift in Sources */ = {isa = PBXBuildFile; fileRef = 8C50ACBC239289AC00FAFBC4 /* inputDataListCell.swift */; };
		8CF3AE8723F5571D00FC0648 /* AppDelegate.swift in Sources */ = {isa = PBXBuildFile; fileRef = 8C7B1EBD21D925BC00AFE846 /* AppDelegate.swift */; };
		8CF3AE8823F5571D00FC0648 /* NameCell.swift in Sources */ = {isa = PBXBuildFile; fileRef = 8C50ACBF239289AC00FAFBC4 /* NameCell.swift */; };
		8CF3AE8923F5571D00FC0648 /* EditViewController.swift in Sources */ = {isa = PBXBuildFile; fileRef = 8C50ACD923928F5C00FAFBC4 /* EditViewController.swift */; };
		8CF3AE8A23F5571D00FC0648 /* TermsViewController.swift in Sources */ = {isa = PBXBuildFile; fileRef = 8C50ACD123928F5C00FAFBC4 /* TermsViewController.swift */; };
		8CF3AE8C23F5571D00FC0648 /* PostResultViewController.swift in Sources */ = {isa = PBXBuildFile; fileRef = 8C50ACD823928F5C00FAFBC4 /* PostResultViewController.swift */; };
		8CF3AE8D23F5571D00FC0648 /* SearchViewController.swift in Sources */ = {isa = PBXBuildFile; fileRef = 8C50ACDB23928F5C00FAFBC4 /* SearchViewController.swift */; };
		8CF3AE8F23F5571D00FC0648 /* PolicyViewController.swift in Sources */ = {isa = PBXBuildFile; fileRef = 8C50ACCE23928F5C00FAFBC4 /* PolicyViewController.swift */; };
		8CF3AE9123F5571D00FC0648 /* SeachResultMultipleViewCOntroller.swift in Sources */ = {isa = PBXBuildFile; fileRef = 8C50ACCB23928F5C00FAFBC4 /* SeachResultMultipleViewCOntroller.swift */; };
		8CF3AE9223F5571D00FC0648 /* PostListViewController.swift in Sources */ = {isa = PBXBuildFile; fileRef = 8C50ACD423928F5C00FAFBC4 /* PostListViewController.swift */; };
		8CF3AE9423F5571D00FC0648 /* SelectViewController.swift in Sources */ = {isa = PBXBuildFile; fileRef = 8C50ACD323928F5C00FAFBC4 /* SelectViewController.swift */; };
		8CF3AE9523F5571D00FC0648 /* PostViewController.swift in Sources */ = {isa = PBXBuildFile; fileRef = 8C50ACD623928F5C00FAFBC4 /* PostViewController.swift */; };
		8CF3AE9723F5571D00FC0648 /* Pager_LogIn_ViewController.swift in Sources */ = {isa = PBXBuildFile; fileRef = 8C50ACD223928F5C00FAFBC4 /* Pager_LogIn_ViewController.swift */; };
		8CF3AE9823F5571D00FC0648 /* SettingsViewController.swift in Sources */ = {isa = PBXBuildFile; fileRef = 8C50ACCD23928F5C00FAFBC4 /* SettingsViewController.swift */; };
		8CF3AE9923F5571D00FC0648 /* InitialViewController.swift in Sources */ = {isa = PBXBuildFile; fileRef = 8C50ACD723928F5C00FAFBC4 /* InitialViewController.swift */; };
		8CF3AE9A23F5571D00FC0648 /* SeachResultListViewCOntroller.swift in Sources */ = {isa = PBXBuildFile; fileRef = 8C50ACDA23928F5C00FAFBC4 /* SeachResultListViewCOntroller.swift */; };
		8CF3AE9B23F5571D00FC0648 /* LogInViewController.swift in Sources */ = {isa = PBXBuildFile; fileRef = 8C50ACCC23928F5C00FAFBC4 /* LogInViewController.swift */; };
		8CF3AE9C23F5571D00FC0648 /* SignUpViewController.swift in Sources */ = {isa = PBXBuildFile; fileRef = 8C50ACD523928F5C00FAFBC4 /* SignUpViewController.swift */; };
		8CF3AE9E23F5571D00FC0648 /* MessageUI.framework in Frameworks */ = {isa = PBXBuildFile; fileRef = 8C0C345322F51888005014F8 /* MessageUI.framework */; };
		8CF3AEA123F5571D00FC0648 /* LaunchScreen.storyboard in Resources */ = {isa = PBXBuildFile; fileRef = 8C7B1EC621D925BC00AFE846 /* LaunchScreen.storyboard */; };
		8CF3AEA323F5571D00FC0648 /* Main.storyboard in Resources */ = {isa = PBXBuildFile; fileRef = 8CA19C8F22EBC90200ED752F /* Main.storyboard */; };
		8CF3AEA423F5571D00FC0648 /* Assets.xcassets in Resources */ = {isa = PBXBuildFile; fileRef = 8C7B1EC421D925BC00AFE846 /* Assets.xcassets */; };
		8CF3AEB023F5579300FC0648 /* GoogleService-Info.plist in Resources */ = {isa = PBXBuildFile; fileRef = 8CF3AEAE23F5575600FC0648 /* GoogleService-Info.plist */; };
/* End PBXBuildFile section */

/* Begin PBXCopyFilesBuildPhase section */
		8C42303C240EFD1E00160A04 /* Embed Frameworks */ = {
			isa = PBXCopyFilesBuildPhase;
			buildActionMask = 2147483647;
			dstPath = "";
			dstSubfolderSpec = 10;
			files = (
				8C42303B240EFD1E00160A04 /* Pods_cychain.framework in Embed Frameworks */,
			);
			name = "Embed Frameworks";
			runOnlyForDeploymentPostprocessing = 0;
		};
/* End PBXCopyFilesBuildPhase section */

/* Begin PBXFileReference section */
		24702ECDFB47F5137A06E549 /* Pods_cychain_copy.framework */ = {isa = PBXFileReference; explicitFileType = wrapper.framework; includeInIndex = 0; path = Pods_cychain_copy.framework; sourceTree = BUILT_PRODUCTS_DIR; };
		2677350149C6996E875A6921 /* Pods-cychain copy.release.xcconfig */ = {isa = PBXFileReference; includeInIndex = 1; lastKnownFileType = text.xcconfig; name = "Pods-cychain copy.release.xcconfig"; path = "Target Support Files/Pods-cychain copy/Pods-cychain copy.release.xcconfig"; sourceTree = "<group>"; };
		59FE75677E3C42D89685796F /* Pods-cychain copy.debug.xcconfig */ = {isa = PBXFileReference; includeInIndex = 1; lastKnownFileType = text.xcconfig; name = "Pods-cychain copy.debug.xcconfig"; path = "Target Support Files/Pods-cychain copy/Pods-cychain copy.debug.xcconfig"; sourceTree = "<group>"; };
		78903793C3E6574AB9589EE5 /* Pods-cychain.release.xcconfig */ = {isa = PBXFileReference; includeInIndex = 1; lastKnownFileType = text.xcconfig; name = "Pods-cychain.release.xcconfig"; path = "Target Support Files/Pods-cychain/Pods-cychain.release.xcconfig"; sourceTree = "<group>"; };
		8C083C1922C6F9080004BAA3 /* SwiftSVG.framework */ = {isa = PBXFileReference; explicitFileType = wrapper.framework; path = SwiftSVG.framework; sourceTree = BUILT_PRODUCTS_DIR; };
		8C0C345322F51888005014F8 /* MessageUI.framework */ = {isa = PBXFileReference; lastKnownFileType = wrapper.framework; name = MessageUI.framework; path = System/Library/Frameworks/MessageUI.framework; sourceTree = SDKROOT; };
		8C249841246FB5D000F81972 /* AuthViewModel.swift */ = {isa = PBXFileReference; lastKnownFileType = sourcecode.swift; path = AuthViewModel.swift; sourceTree = "<group>"; };
		8C303D6124334A5C00F080AB /* UserDataModel.swift */ = {isa = PBXFileReference; lastKnownFileType = sourcecode.swift; path = UserDataModel.swift; sourceTree = "<group>"; };
		8C303D67243879F500F080AB /* AuthModel.swift */ = {isa = PBXFileReference; lastKnownFileType = sourcecode.swift; path = AuthModel.swift; sourceTree = "<group>"; };
		8C303D702439CAFD00F080AB /* AuthView.swift */ = {isa = PBXFileReference; lastKnownFileType = sourcecode.swift; path = AuthView.swift; sourceTree = "<group>"; };
		8C303D732439CB0F00F080AB /* AuthView.xib */ = {isa = PBXFileReference; lastKnownFileType = file.xib; path = AuthView.xib; sourceTree = "<group>"; };
		8C3E3131241CE743008A4DAF /* EditData.swift */ = {isa = PBXFileReference; lastKnownFileType = sourcecode.swift; path = EditData.swift; sourceTree = "<group>"; };
		8C3FCD5D24D3A09300ADC76B /* PostResultModel.swift */ = {isa = PBXFileReference; lastKnownFileType = sourcecode.swift; path = PostResultModel.swift; sourceTree = "<group>"; };
		8C420CF52452B19800769F01 /* Extention.swift */ = {isa = PBXFileReference; fileEncoding = 4; lastKnownFileType = sourcecode.swift; path = Extention.swift; sourceTree = "<group>"; };
		8C420CF82452B27F00769F01 /* String.swift */ = {isa = PBXFileReference; lastKnownFileType = sourcecode.swift; path = String.swift; sourceTree = "<group>"; };
		8C420CFE24540EB000769F01 /* PostListModel.swift */ = {isa = PBXFileReference; lastKnownFileType = sourcecode.swift; path = PostListModel.swift; sourceTree = "<group>"; };
		8C420D04245E2A2500769F01 /* SettingModel.swift */ = {isa = PBXFileReference; lastKnownFileType = sourcecode.swift; path = SettingModel.swift; sourceTree = "<group>"; };
		8C420D07245E7DDB00769F01 /* Alert.swift */ = {isa = PBXFileReference; lastKnownFileType = sourcecode.swift; path = Alert.swift; sourceTree = "<group>"; };
		8C42302E2409EF8000160A04 /* Pods_cychain.framework */ = {isa = PBXFileReference; explicitFileType = wrapper.framework; path = Pods_cychain.framework; sourceTree = BUILT_PRODUCTS_DIR; };
		8C4230332409F5CD00160A04 /* ScrollKeyBoard.swift */ = {isa = PBXFileReference; fileEncoding = 4; lastKnownFileType = sourcecode.swift; path = ScrollKeyBoard.swift; sourceTree = "<group>"; };
		8C423037240EE7D300160A04 /* UDKey.swift */ = {isa = PBXFileReference; lastKnownFileType = sourcecode.swift; path = UDKey.swift; sourceTree = "<group>"; };
		8C423039240EFD1E00160A04 /* Pods_cychain.framework */ = {isa = PBXFileReference; explicitFileType = wrapper.framework; path = Pods_cychain.framework; sourceTree = BUILT_PRODUCTS_DIR; };
		8C42304024110BFA00160A04 /* ImagePickerControllert.swift */ = {isa = PBXFileReference; lastKnownFileType = sourcecode.swift; path = ImagePickerControllert.swift; sourceTree = "<group>"; };
		8C43513C24D5365B0035FDC4 /* ViewModelType.swift */ = {isa = PBXFileReference; lastKnownFileType = sourcecode.swift; path = ViewModelType.swift; sourceTree = "<group>"; };
		8C43513F24D537B10035FDC4 /* PostListViewModel.swift */ = {isa = PBXFileReference; lastKnownFileType = sourcecode.swift; path = PostListViewModel.swift; sourceTree = "<group>"; };
		8C48B7A124E4D249000346AB /* SetUserDefault.swift */ = {isa = PBXFileReference; fileEncoding = 4; lastKnownFileType = sourcecode.swift; path = SetUserDefault.swift; sourceTree = "<group>"; };
		8C48B7A224E4D249000346AB /* SetFirebase.swift */ = {isa = PBXFileReference; fileEncoding = 4; lastKnownFileType = sourcecode.swift; path = SetFirebase.swift; sourceTree = "<group>"; };
		8C4B052824E2688600FA724F /* SearchViewModel.swift */ = {isa = PBXFileReference; lastKnownFileType = sourcecode.swift; path = SearchViewModel.swift; sourceTree = "<group>"; };
		8C4CF5AE24EAAA2E002C8173 /* MatchPopupViewModel.swift */ = {isa = PBXFileReference; lastKnownFileType = sourcecode.swift; path = MatchPopupViewModel.swift; sourceTree = "<group>"; };
		8C4CF5B124ECA30E002C8173 /* MatchModel.swift */ = {isa = PBXFileReference; lastKnownFileType = sourcecode.swift; path = MatchModel.swift; sourceTree = "<group>"; };
		8C4CF5B724EE21B1002C8173 /* SearchResultViewController.swift */ = {isa = PBXFileReference; lastKnownFileType = sourcecode.swift; path = SearchResultViewController.swift; sourceTree = "<group>"; };
		8C50ACBC239289AC00FAFBC4 /* inputDataListCell.swift */ = {isa = PBXFileReference; fileEncoding = 4; lastKnownFileType = sourcecode.swift; path = inputDataListCell.swift; sourceTree = "<group>"; };
		8C50ACBF239289AC00FAFBC4 /* NameCell.swift */ = {isa = PBXFileReference; fileEncoding = 4; lastKnownFileType = sourcecode.swift; path = NameCell.swift; sourceTree = "<group>"; };
		8C50ACCA23928F5C00FAFBC4 /* Pager_SignUp_ViewController.swift */ = {isa = PBXFileReference; fileEncoding = 4; lastKnownFileType = sourcecode.swift; path = Pager_SignUp_ViewController.swift; sourceTree = "<group>"; };
		8C50ACCB23928F5C00FAFBC4 /* SeachResultMultipleViewCOntroller.swift */ = {isa = PBXFileReference; fileEncoding = 4; lastKnownFileType = sourcecode.swift; path = SeachResultMultipleViewCOntroller.swift; sourceTree = "<group>"; };
		8C50ACCC23928F5C00FAFBC4 /* LogInViewController.swift */ = {isa = PBXFileReference; fileEncoding = 4; lastKnownFileType = sourcecode.swift; path = LogInViewController.swift; sourceTree = "<group>"; };
		8C50ACCD23928F5C00FAFBC4 /* SettingsViewController.swift */ = {isa = PBXFileReference; fileEncoding = 4; lastKnownFileType = sourcecode.swift; path = SettingsViewController.swift; sourceTree = "<group>"; };
		8C50ACCE23928F5C00FAFBC4 /* PolicyViewController.swift */ = {isa = PBXFileReference; fileEncoding = 4; lastKnownFileType = sourcecode.swift; path = PolicyViewController.swift; sourceTree = "<group>"; };
		8C50ACCF23928F5C00FAFBC4 /* SeachResultViewCotroller.swift */ = {isa = PBXFileReference; fileEncoding = 4; lastKnownFileType = sourcecode.swift; path = SeachResultViewCotroller.swift; sourceTree = "<group>"; };
		8C50ACD123928F5C00FAFBC4 /* TermsViewController.swift */ = {isa = PBXFileReference; fileEncoding = 4; lastKnownFileType = sourcecode.swift; path = TermsViewController.swift; sourceTree = "<group>"; };
		8C50ACD223928F5C00FAFBC4 /* Pager_LogIn_ViewController.swift */ = {isa = PBXFileReference; fileEncoding = 4; lastKnownFileType = sourcecode.swift; path = Pager_LogIn_ViewController.swift; sourceTree = "<group>"; };
		8C50ACD323928F5C00FAFBC4 /* SelectViewController.swift */ = {isa = PBXFileReference; fileEncoding = 4; lastKnownFileType = sourcecode.swift; path = SelectViewController.swift; sourceTree = "<group>"; };
		8C50ACD423928F5C00FAFBC4 /* PostListViewController.swift */ = {isa = PBXFileReference; fileEncoding = 4; lastKnownFileType = sourcecode.swift; path = PostListViewController.swift; sourceTree = "<group>"; };
		8C50ACD523928F5C00FAFBC4 /* SignUpViewController.swift */ = {isa = PBXFileReference; fileEncoding = 4; lastKnownFileType = sourcecode.swift; path = SignUpViewController.swift; sourceTree = "<group>"; };
		8C50ACD623928F5C00FAFBC4 /* PostViewController.swift */ = {isa = PBXFileReference; fileEncoding = 4; lastKnownFileType = sourcecode.swift; path = PostViewController.swift; sourceTree = "<group>"; };
		8C50ACD723928F5C00FAFBC4 /* InitialViewController.swift */ = {isa = PBXFileReference; fileEncoding = 4; lastKnownFileType = sourcecode.swift; path = InitialViewController.swift; sourceTree = "<group>"; };
		8C50ACD823928F5C00FAFBC4 /* PostResultViewController.swift */ = {isa = PBXFileReference; fileEncoding = 4; lastKnownFileType = sourcecode.swift; path = PostResultViewController.swift; sourceTree = "<group>"; };
		8C50ACD923928F5C00FAFBC4 /* EditViewController.swift */ = {isa = PBXFileReference; fileEncoding = 4; lastKnownFileType = sourcecode.swift; path = EditViewController.swift; sourceTree = "<group>"; };
		8C50ACDA23928F5C00FAFBC4 /* SeachResultListViewCOntroller.swift */ = {isa = PBXFileReference; fileEncoding = 4; lastKnownFileType = sourcecode.swift; path = SeachResultListViewCOntroller.swift; sourceTree = "<group>"; };
		8C50ACDB23928F5C00FAFBC4 /* SearchViewController.swift */ = {isa = PBXFileReference; fileEncoding = 4; lastKnownFileType = sourcecode.swift; path = SearchViewController.swift; sourceTree = "<group>"; };
		8C50ACEE23953A3300FAFBC4 /* abcd-Bridging-Header.h */ = {isa = PBXFileReference; lastKnownFileType = sourcecode.c.h; path = "abcd-Bridging-Header.h"; sourceTree = "<group>"; };
		8C54CBB724C705AF0079C316 /* ImageCrop.swift */ = {isa = PBXFileReference; lastKnownFileType = sourcecode.swift; path = ImageCrop.swift; sourceTree = "<group>"; };
		8C70D343246153D800150E52 /* Onboarding.json */ = {isa = PBXFileReference; fileEncoding = 4; lastKnownFileType = text.json; path = Onboarding.json; sourceTree = "<group>"; };
		8C70D346246157E900150E52 /* Onboarding.swift */ = {isa = PBXFileReference; lastKnownFileType = sourcecode.swift; path = Onboarding.swift; sourceTree = "<group>"; };
		8C750DFF244711EC0003A82C /* MessageCell.swift */ = {isa = PBXFileReference; lastKnownFileType = sourcecode.swift; path = MessageCell.swift; sourceTree = "<group>"; };
		8C750E00244711EC0003A82C /* PostCardMessageCell.xib */ = {isa = PBXFileReference; lastKnownFileType = file.xib; path = PostCardMessageCell.xib; sourceTree = "<group>"; };
		8C7B1EBA21D925BC00AFE846 /* cychain.app */ = {isa = PBXFileReference; explicitFileType = wrapper.application; includeInIndex = 0; path = cychain.app; sourceTree = BUILT_PRODUCTS_DIR; };
		8C7B1EBD21D925BC00AFE846 /* AppDelegate.swift */ = {isa = PBXFileReference; lastKnownFileType = sourcecode.swift; path = AppDelegate.swift; sourceTree = "<group>"; };
		8C7B1EC421D925BC00AFE846 /* Assets.xcassets */ = {isa = PBXFileReference; lastKnownFileType = folder.assetcatalog; path = Assets.xcassets; sourceTree = "<group>"; };
		8C7B1EC721D925BC00AFE846 /* Base */ = {isa = PBXFileReference; lastKnownFileType = file.storyboard; name = Base; path = Base.lproj/LaunchScreen.storyboard; sourceTree = "<group>"; };
		8C7B1EC921D925BC00AFE846 /* Info.plist */ = {isa = PBXFileReference; lastKnownFileType = text.plist.xml; path = Info.plist; sourceTree = "<group>"; };
		8C8B06F424238062007F7494 /* matchAnimateion.json */ = {isa = PBXFileReference; fileEncoding = 4; lastKnownFileType = text.json; path = matchAnimateion.json; sourceTree = "<group>"; };
		8C8B06FD242597E8007F7494 /* MuchPopUpVC.swift */ = {isa = PBXFileReference; lastKnownFileType = sourcecode.swift; path = MuchPopUpVC.swift; sourceTree = "<group>"; };
		8C8B07032425A6EC007F7494 /* muchpopAnimation.json */ = {isa = PBXFileReference; fileEncoding = 4; lastKnownFileType = text.json; path = muchpopAnimation.json; sourceTree = "<group>"; };
		8C8B07062425A785007F7494 /* muchpopAnimation11.json */ = {isa = PBXFileReference; fileEncoding = 4; lastKnownFileType = text.json; path = muchpopAnimation11.json; sourceTree = "<group>"; };
		8C8B07092427566D007F7494 /* MatchData.swift */ = {isa = PBXFileReference; lastKnownFileType = sourcecode.swift; path = MatchData.swift; sourceTree = "<group>"; };
		8C980EFE2463F0330071FFD2 /* R.generated.swift */ = {isa = PBXFileReference; fileEncoding = 4; lastKnownFileType = sourcecode.swift; path = R.generated.swift; sourceTree = SOURCE_ROOT; };
		8C9D74F3226C38D6004D34F7 /* CoreTelephony.framework */ = {isa = PBXFileReference; lastKnownFileType = wrapper.framework; name = CoreTelephony.framework; path = System/Library/Frameworks/CoreTelephony.framework; sourceTree = SDKROOT; };
		8C9D74F5226C38EF004D34F7 /* Security.framework */ = {isa = PBXFileReference; lastKnownFileType = wrapper.framework; name = Security.framework; path = System/Library/Frameworks/Security.framework; sourceTree = SDKROOT; };
		8CA19C8F22EBC90200ED752F /* Main.storyboard */ = {isa = PBXFileReference; fileEncoding = 4; lastKnownFileType = file.storyboard; path = Main.storyboard; sourceTree = "<group>"; };
		8CE1B4AB2442EBF6009D8698 /* View.swift */ = {isa = PBXFileReference; fileEncoding = 4; lastKnownFileType = sourcecode.swift; path = View.swift; sourceTree = "<group>"; };
		8CE1B4AC2442EBF6009D8698 /* labele.swift */ = {isa = PBXFileReference; fileEncoding = 4; lastKnownFileType = sourcecode.swift; path = labele.swift; sourceTree = "<group>"; };
		8CE1B4AD2442EBF6009D8698 /* ShadowButton.swift */ = {isa = PBXFileReference; fileEncoding = 4; lastKnownFileType = sourcecode.swift; path = ShadowButton.swift; sourceTree = "<group>"; };
		8CE1B4AE2442EBF6009D8698 /* textField.swift */ = {isa = PBXFileReference; fileEncoding = 4; lastKnownFileType = sourcecode.swift; path = textField.swift; sourceTree = "<group>"; };
		8CE1B4AF2442EBF6009D8698 /* textView.swift */ = {isa = PBXFileReference; fileEncoding = 4; lastKnownFileType = sourcecode.swift; path = textView.swift; sourceTree = "<group>"; };
		8CE1B4B02442EBF6009D8698 /* contentView.swift */ = {isa = PBXFileReference; fileEncoding = 4; lastKnownFileType = sourcecode.swift; path = contentView.swift; sourceTree = "<group>"; };
		8CE1B4B12442EBF6009D8698 /* Button.swift */ = {isa = PBXFileReference; fileEncoding = 4; lastKnownFileType = sourcecode.swift; path = Button.swift; sourceTree = "<group>"; };
		8CE1B4C02443A2AB009D8698 /* ProfileCell.swift */ = {isa = PBXFileReference; lastKnownFileType = sourcecode.swift; path = ProfileCell.swift; sourceTree = "<group>"; };
		8CE1B4C12443A2AB009D8698 /* PostCardeTableViewCell.xib */ = {isa = PBXFileReference; lastKnownFileType = file.xib; path = PostCardeTableViewCell.xib; sourceTree = "<group>"; };
		8CEA6A12247A9DDC00A1B283 /* PostViewModel.swift */ = {isa = PBXFileReference; lastKnownFileType = sourcecode.swift; path = PostViewModel.swift; sourceTree = "<group>"; };
		8CEA6A1524AB421100A1B283 /* PostResultViewModel.swift */ = {isa = PBXFileReference; lastKnownFileType = sourcecode.swift; path = PostResultViewModel.swift; sourceTree = "<group>"; };
		8CF3AE7923F5544E00FC0648 /* GoogleService-Info.plist */ = {isa = PBXFileReference; fileEncoding = 4; lastKnownFileType = text.plist.xml; path = "GoogleService-Info.plist"; sourceTree = "<group>"; };
		8CF3AEAB23F5571D00FC0648 /* cychain copy.app */ = {isa = PBXFileReference; explicitFileType = wrapper.application; includeInIndex = 0; path = "cychain copy.app"; sourceTree = BUILT_PRODUCTS_DIR; };
		8CF3AEAE23F5575600FC0648 /* GoogleService-Info.plist */ = {isa = PBXFileReference; fileEncoding = 4; lastKnownFileType = text.plist.xml; path = "GoogleService-Info.plist"; sourceTree = "<group>"; };
		DA190308B3E6E52FF563D7CE /* Pods-cychain.debug.xcconfig */ = {isa = PBXFileReference; includeInIndex = 1; lastKnownFileType = text.xcconfig; name = "Pods-cychain.debug.xcconfig"; path = "Target Support Files/Pods-cychain/Pods-cychain.debug.xcconfig"; sourceTree = "<group>"; };
		FF1F406F8A45EAE86A839763 /* Pods_cychain.framework */ = {isa = PBXFileReference; explicitFileType = wrapper.framework; includeInIndex = 0; path = Pods_cychain.framework; sourceTree = BUILT_PRODUCTS_DIR; };
/* End PBXFileReference section */

/* Begin PBXFrameworksBuildPhase section */
		8C7B1EB721D925BC00AFE846 /* Frameworks */ = {
			isa = PBXFrameworksBuildPhase;
			buildActionMask = 2147483647;
			files = (
				8C0C345422F51889005014F8 /* MessageUI.framework in Frameworks */,
				4EBBACCCD90A50341E661C39 /* Pods_cychain.framework in Frameworks */,
				7C5A1F21E31E164F5B2F688A /* (null) in Frameworks */,
			);
			runOnlyForDeploymentPostprocessing = 0;
		};
		8CF3AE9D23F5571D00FC0648 /* Frameworks */ = {
			isa = PBXFrameworksBuildPhase;
			buildActionMask = 2147483647;
			files = (
				8CF3AE9E23F5571D00FC0648 /* MessageUI.framework in Frameworks */,
				3B90CD9AD3A7372B12AB5CD5 /* Pods_cychain_copy.framework in Frameworks */,
			);
			runOnlyForDeploymentPostprocessing = 0;
		};
/* End PBXFrameworksBuildPhase section */

/* Begin PBXGroup section */
		32C86F238AC3A86624C5C270 /* Pods */ = {
			isa = PBXGroup;
			children = (
				DA190308B3E6E52FF563D7CE /* Pods-cychain.debug.xcconfig */,
				78903793C3E6574AB9589EE5 /* Pods-cychain.release.xcconfig */,
				59FE75677E3C42D89685796F /* Pods-cychain copy.debug.xcconfig */,
				2677350149C6996E875A6921 /* Pods-cychain copy.release.xcconfig */,
			);
			path = Pods;
			sourceTree = "<group>";
		};
		8C420CF42452B19800769F01 /* Extension */ = {
			isa = PBXGroup;
			children = (
				8C420CF52452B19800769F01 /* Extention.swift */,
				8C54CBB724C705AF0079C316 /* ImageCrop.swift */,
				8C42304024110BFA00160A04 /* ImagePickerControllert.swift */,
				8C420D07245E7DDB00769F01 /* Alert.swift */,
				8C420CF82452B27F00769F01 /* String.swift */,
				8C423037240EE7D300160A04 /* UDKey.swift */,
			);
			path = Extension;
			sourceTree = "<group>";
		};
		8C4230322409F5CD00160A04 /* Model */ = {
			isa = PBXGroup;
			children = (
				8C303D67243879F500F080AB /* AuthModel.swift */,
				8C303D6124334A5C00F080AB /* UserDataModel.swift */,
				8C3FCD5D24D3A09300ADC76B /* PostResultModel.swift */,
				8C420CFE24540EB000769F01 /* PostListModel.swift */,
				8C8B07092427566D007F7494 /* MatchData.swift */,
				8C4CF5B124ECA30E002C8173 /* MatchModel.swift */,
				8C420D04245E2A2500769F01 /* SettingModel.swift */,
				8C3E3131241CE743008A4DAF /* EditData.swift */,
				8C4230332409F5CD00160A04 /* ScrollKeyBoard.swift */,
			);
			path = Model;
			sourceTree = "<group>";
		};
		8C423036240B382D00160A04 /* Recovered References */ = {
			isa = PBXGroup;
			children = (
				8C42302E2409EF8000160A04 /* Pods_cychain.framework */,
				8C423039240EFD1E00160A04 /* Pods_cychain.framework */,
			);
			name = "Recovered References";
			sourceTree = "<group>";
		};
		8C48B7A024E4D249000346AB /* Util */ = {
			isa = PBXGroup;
			children = (
				8C48B7A124E4D249000346AB /* SetUserDefault.swift */,
				8C48B7A224E4D249000346AB /* SetFirebase.swift */,
			);
			name = Util;
			path = cychain/Util;
			sourceTree = SOURCE_ROOT;
		};
		8C50ACB8239289AC00FAFBC4 /* view */ = {
			isa = PBXGroup;
			children = (
				8CA19C8F22EBC90200ED752F /* Main.storyboard */,
				8C303D702439CAFD00F080AB /* AuthView.swift */,
				8C750DFF244711EC0003A82C /* MessageCell.swift */,
				8CE1B4C02443A2AB009D8698 /* ProfileCell.swift */,
				8C50ACBC239289AC00FAFBC4 /* inputDataListCell.swift */,
				8C50ACBF239289AC00FAFBC4 /* NameCell.swift */,
				8C750E00244711EC0003A82C /* PostCardMessageCell.xib */,
				8CE1B4C12443A2AB009D8698 /* PostCardeTableViewCell.xib */,
				8C303D732439CB0F00F080AB /* AuthView.xib */,
				8CE1B4AA2442EBF6009D8698 /* CustomUI */,
			);
			path = view;
			sourceTree = "<group>";
		};
		8C50ACC923928F5C00FAFBC4 /* controller */ = {
			isa = PBXGroup;
			children = (
				8C50ACD723928F5C00FAFBC4 /* InitialViewController.swift */,
				8C50ACCA23928F5C00FAFBC4 /* Pager_SignUp_ViewController.swift */,
				8C50ACD223928F5C00FAFBC4 /* Pager_LogIn_ViewController.swift */,
				8C50ACD523928F5C00FAFBC4 /* SignUpViewController.swift */,
				8C50ACCC23928F5C00FAFBC4 /* LogInViewController.swift */,
				8C50ACD323928F5C00FAFBC4 /* SelectViewController.swift */,
				8C50ACD623928F5C00FAFBC4 /* PostViewController.swift */,
				8C50ACD823928F5C00FAFBC4 /* PostResultViewController.swift */,
				8C50ACD423928F5C00FAFBC4 /* PostListViewController.swift */,
				8C50ACD923928F5C00FAFBC4 /* EditViewController.swift */,
				8C50ACDB23928F5C00FAFBC4 /* SearchViewController.swift */,
				8C8B06FD242597E8007F7494 /* MuchPopUpVC.swift */,
				8C50ACCF23928F5C00FAFBC4 /* SeachResultViewCotroller.swift */,
				8C50ACDA23928F5C00FAFBC4 /* SeachResultListViewCOntroller.swift */,
				8C50ACCB23928F5C00FAFBC4 /* SeachResultMultipleViewCOntroller.swift */,
				8C50ACCD23928F5C00FAFBC4 /* SettingsViewController.swift */,
				8C50ACCE23928F5C00FAFBC4 /* PolicyViewController.swift */,
				8C50ACD123928F5C00FAFBC4 /* TermsViewController.swift */,
				8C70D346246157E900150E52 /* Onboarding.swift */,
				8C249841246FB5D000F81972 /* AuthViewModel.swift */,
			);
			path = controller;
			sourceTree = "<group>";
		};
		8C7B1EB121D925BC00AFE846 = {
			isa = PBXGroup;
			children = (
				8C7B1EBC21D925BC00AFE846 /* cychain */,
				8C7B1EBB21D925BC00AFE846 /* Products */,
				AB5EAD48F66CACFAFBF82A26 /* Frameworks */,
				8C50ACEE23953A3300FAFBC4 /* abcd-Bridging-Header.h */,
				32C86F238AC3A86624C5C270 /* Pods */,
				8C423036240B382D00160A04 /* Recovered References */,
			);
			sourceTree = "<group>";
		};
		8C7B1EBB21D925BC00AFE846 /* Products */ = {
			isa = PBXGroup;
			children = (
				8C7B1EBA21D925BC00AFE846 /* cychain.app */,
				8CF3AEAB23F5571D00FC0648 /* cychain copy.app */,
			);
			name = Products;
			sourceTree = "<group>";
		};
		8C7B1EBC21D925BC00AFE846 /* cychain */ = {
			isa = PBXGroup;
			children = (
				8C7B1EBD21D925BC00AFE846 /* AppDelegate.swift */,
				8C50ACC923928F5C00FAFBC4 /* controller */,
				8CEA6A11247A9D7800A1B283 /* ViewModel */,
				8C4230322409F5CD00160A04 /* Model */,
				8C48B7A024E4D249000346AB /* Util */,
				8C50ACB8239289AC00FAFBC4 /* view */,
				8C420CF42452B19800769F01 /* Extension */,
				8C7B1EC621D925BC00AFE846 /* LaunchScreen.storyboard */,
				8C980EFE2463F0330071FFD2 /* R.generated.swift */,
				8C8B06F424238062007F7494 /* matchAnimateion.json */,
				8C8B07032425A6EC007F7494 /* muchpopAnimation.json */,
				8C8B07062425A785007F7494 /* muchpopAnimation11.json */,
				8C70D343246153D800150E52 /* Onboarding.json */,
				8C7B1EC921D925BC00AFE846 /* Info.plist */,
				8C7B1EC421D925BC00AFE846 /* Assets.xcassets */,
				8CF3AE7823F5544E00FC0648 /* GoogleService-Info-Product */,
				8CF3AEAD23F5575600FC0648 /* GoogleService-info-Development */,
			);
			path = cychain;
			sourceTree = "<group>";
		};
		8CE1B4AA2442EBF6009D8698 /* CustomUI */ = {
			isa = PBXGroup;
			children = (
				8CE1B4AB2442EBF6009D8698 /* View.swift */,
				8CE1B4AC2442EBF6009D8698 /* labele.swift */,
				8CE1B4AD2442EBF6009D8698 /* ShadowButton.swift */,
				8CE1B4AE2442EBF6009D8698 /* textField.swift */,
				8CE1B4AF2442EBF6009D8698 /* textView.swift */,
				8CE1B4B02442EBF6009D8698 /* contentView.swift */,
				8CE1B4B12442EBF6009D8698 /* Button.swift */,
			);
			path = CustomUI;
			sourceTree = "<group>";
		};
		8CEA6A11247A9D7800A1B283 /* ViewModel */ = {
			isa = PBXGroup;
			children = (
				8CEA6A12247A9DDC00A1B283 /* PostViewModel.swift */,
				8CEA6A1524AB421100A1B283 /* PostResultViewModel.swift */,
				8C43513F24D537B10035FDC4 /* PostListViewModel.swift */,
				8C4B052824E2688600FA724F /* SearchViewModel.swift */,
				8C4CF5AE24EAAA2E002C8173 /* MatchPopupViewModel.swift */,
				8C4CF5B724EE21B1002C8173 /* SearchResultViewController.swift */,
				8C43513C24D5365B0035FDC4 /* ViewModelType.swift */,
			);
			path = ViewModel;
			sourceTree = "<group>";
		};
		8CF3AE7823F5544E00FC0648 /* GoogleService-Info-Product */ = {
			isa = PBXGroup;
			children = (
				8CF3AE7923F5544E00FC0648 /* GoogleService-Info.plist */,
			);
			path = "GoogleService-Info-Product";
			sourceTree = SOURCE_ROOT;
		};
		8CF3AEAD23F5575600FC0648 /* GoogleService-info-Development */ = {
			isa = PBXGroup;
			children = (
				8CF3AEAE23F5575600FC0648 /* GoogleService-Info.plist */,
			);
			name = "GoogleService-info-Development";
			path = "cychain/GoogleService-info-Development";
			sourceTree = SOURCE_ROOT;
		};
		AB5EAD48F66CACFAFBF82A26 /* Frameworks */ = {
			isa = PBXGroup;
			children = (
				8C0C345322F51888005014F8 /* MessageUI.framework */,
				8C083C1922C6F9080004BAA3 /* SwiftSVG.framework */,
				8C9D74F5226C38EF004D34F7 /* Security.framework */,
				8C9D74F3226C38D6004D34F7 /* CoreTelephony.framework */,
				FF1F406F8A45EAE86A839763 /* Pods_cychain.framework */,
				24702ECDFB47F5137A06E549 /* Pods_cychain_copy.framework */,
			);
			name = Frameworks;
			sourceTree = "<group>";
		};
/* End PBXGroup section */

/* Begin PBXNativeTarget section */
		8C7B1EB921D925BC00AFE846 /* cychain */ = {
			isa = PBXNativeTarget;
			buildConfigurationList = 8C7B1ECC21D925BC00AFE846 /* Build configuration list for PBXNativeTarget "cychain" */;
			buildPhases = (
				62D55A7D63D8F7C9E3CCB10C /* [CP] Check Pods Manifest.lock */,
				8C7B1EB621D925BC00AFE846 /* Sources */,
				8C7B1EB721D925BC00AFE846 /* Frameworks */,
				8C7B1EB821D925BC00AFE846 /* Resources */,
				8C9D74F2226C3761004D34F7 /* ShellScript */,
				8C980EFA2463E6790071FFD2 /* ShellScript */,
				C573BCC373E62F0BFACB4BF3 /* [CP] Embed Pods Frameworks */,
				98A59560C0C3C725A5467177 /* [CP] Copy Pods Resources */,
			);
			buildRules = (
			);
			dependencies = (
			);
			name = cychain;
			productName = abcd;
			productReference = 8C7B1EBA21D925BC00AFE846 /* cychain.app */;
			productType = "com.apple.product-type.application";
		};
		8CF3AE7B23F5571D00FC0648 /* cychain copy */ = {
			isa = PBXNativeTarget;
			buildConfigurationList = 8CF3AEA823F5571D00FC0648 /* Build configuration list for PBXNativeTarget "cychain copy" */;
			buildPhases = (
				A4F3DD99F3D6DE2A97EA2668 /* [CP] Check Pods Manifest.lock */,
				8CF3AE7D23F5571D00FC0648 /* Sources */,
				8CF3AE9D23F5571D00FC0648 /* Frameworks */,
				8CF3AEA023F5571D00FC0648 /* Resources */,
				8CF3AEA523F5571D00FC0648 /* ShellScript */,
				8C42303C240EFD1E00160A04 /* Embed Frameworks */,
				072C419937C9977A4D7E1482 /* [CP] Embed Pods Frameworks */,
				E25F9B13652DB8FBF47E6E72 /* [CP] Copy Pods Resources */,
			);
			buildRules = (
			);
			dependencies = (
			);
			name = "cychain copy";
			productName = abcd;
			productReference = 8CF3AEAB23F5571D00FC0648 /* cychain copy.app */;
			productType = "com.apple.product-type.application";
		};
/* End PBXNativeTarget section */

/* Begin PBXProject section */
		8C7B1EB221D925BC00AFE846 /* Project object */ = {
			isa = PBXProject;
			attributes = {
				LastSwiftUpdateCheck = 1010;
				LastUpgradeCheck = 1120;
				ORGANIZATIONNAME = "高田英明";
				TargetAttributes = {
					8C7B1EB921D925BC00AFE846 = {
						CreatedOnToolsVersion = 10.1;
						LastSwiftMigration = 1120;
						SystemCapabilities = {
							com.apple.Keychain = {
								enabled = 0;
							};
						};
					};
				};
			};
			buildConfigurationList = 8C7B1EB521D925BC00AFE846 /* Build configuration list for PBXProject "cychain" */;
			compatibilityVersion = "Xcode 9.3";
			developmentRegion = en;
			hasScannedForEncodings = 0;
			knownRegions = (
				en,
				Base,
			);
			mainGroup = 8C7B1EB121D925BC00AFE846;
			productRefGroup = 8C7B1EBB21D925BC00AFE846 /* Products */;
			projectDirPath = "";
			projectRoot = "";
			targets = (
				8C7B1EB921D925BC00AFE846 /* cychain */,
				8CF3AE7B23F5571D00FC0648 /* cychain copy */,
			);
		};
/* End PBXProject section */

/* Begin PBXResourcesBuildPhase section */
		8C7B1EB821D925BC00AFE846 /* Resources */ = {
			isa = PBXResourcesBuildPhase;
			buildActionMask = 2147483647;
			files = (
				8C7B1EC821D925BC00AFE846 /* LaunchScreen.storyboard in Resources */,
				8C70D344246153D800150E52 /* Onboarding.json in Resources */,
				8C750E03244711EC0003A82C /* PostCardMessageCell.xib in Resources */,
				8CF3AE7A23F5544E00FC0648 /* GoogleService-Info.plist in Resources */,
				8C303D742439CB0F00F080AB /* AuthView.xib in Resources */,
				8CE1B4C42443A2AB009D8698 /* PostCardeTableViewCell.xib in Resources */,
				8CA19C9022EBC90200ED752F /* Main.storyboard in Resources */,
				8C8B07042425A6EC007F7494 /* muchpopAnimation.json in Resources */,
				8C8B06F524238062007F7494 /* matchAnimateion.json in Resources */,
				8C8B07072425A785007F7494 /* muchpopAnimation11.json in Resources */,
				8C7B1EC521D925BC00AFE846 /* Assets.xcassets in Resources */,
			);
			runOnlyForDeploymentPostprocessing = 0;
		};
		8CF3AEA023F5571D00FC0648 /* Resources */ = {
			isa = PBXResourcesBuildPhase;
			buildActionMask = 2147483647;
			files = (
				8CF3AEA123F5571D00FC0648 /* LaunchScreen.storyboard in Resources */,
				8C70D345246153D800150E52 /* Onboarding.json in Resources */,
				8C750E04244711EC0003A82C /* PostCardMessageCell.xib in Resources */,
				8CF3AEB023F5579300FC0648 /* GoogleService-Info.plist in Resources */,
				8C303D752439CB0F00F080AB /* AuthView.xib in Resources */,
				8CE1B4C52443A2AB009D8698 /* PostCardeTableViewCell.xib in Resources */,
				8CF3AEA323F5571D00FC0648 /* Main.storyboard in Resources */,
				8C8B07052425A6EC007F7494 /* muchpopAnimation.json in Resources */,
				8C8B06F624238062007F7494 /* matchAnimateion.json in Resources */,
				8C8B07082425A785007F7494 /* muchpopAnimation11.json in Resources */,
				8CF3AEA423F5571D00FC0648 /* Assets.xcassets in Resources */,
			);
			runOnlyForDeploymentPostprocessing = 0;
		};
/* End PBXResourcesBuildPhase section */

/* Begin PBXShellScriptBuildPhase section */
		072C419937C9977A4D7E1482 /* [CP] Embed Pods Frameworks */ = {
			isa = PBXShellScriptBuildPhase;
			buildActionMask = 2147483647;
			files = (
			);
			inputFileListPaths = (
				"${PODS_ROOT}/Target Support Files/Pods-cychain copy/Pods-cychain copy-frameworks-${CONFIGURATION}-input-files.xcfilelist",
			);
			name = "[CP] Embed Pods Frameworks";
			outputFileListPaths = (
				"${PODS_ROOT}/Target Support Files/Pods-cychain copy/Pods-cychain copy-frameworks-${CONFIGURATION}-output-files.xcfilelist",
			);
			runOnlyForDeploymentPostprocessing = 0;
			shellPath = /bin/sh;
			shellScript = "\"${PODS_ROOT}/Target Support Files/Pods-cychain copy/Pods-cychain copy-frameworks.sh\"\n";
			showEnvVarsInLog = 0;
		};
		62D55A7D63D8F7C9E3CCB10C /* [CP] Check Pods Manifest.lock */ = {
			isa = PBXShellScriptBuildPhase;
			buildActionMask = 2147483647;
			files = (
			);
			inputFileListPaths = (
			);
			inputPaths = (
				"${PODS_PODFILE_DIR_PATH}/Podfile.lock",
				"${PODS_ROOT}/Manifest.lock",
			);
			name = "[CP] Check Pods Manifest.lock";
			outputFileListPaths = (
			);
			outputPaths = (
				"$(DERIVED_FILE_DIR)/Pods-cychain-checkManifestLockResult.txt",
			);
			runOnlyForDeploymentPostprocessing = 0;
			shellPath = /bin/sh;
			shellScript = "diff \"${PODS_PODFILE_DIR_PATH}/Podfile.lock\" \"${PODS_ROOT}/Manifest.lock\" > /dev/null\nif [ $? != 0 ] ; then\n    # print error to STDERR\n    echo \"error: The sandbox is not in sync with the Podfile.lock. Run 'pod install' or update your CocoaPods installation.\" >&2\n    exit 1\nfi\n# This output is used by Xcode 'outputs' to avoid re-running this script phase.\necho \"SUCCESS\" > \"${SCRIPT_OUTPUT_FILE_0}\"\n";
			showEnvVarsInLog = 0;
		};
		8C980EFA2463E6790071FFD2 /* ShellScript */ = {
			isa = PBXShellScriptBuildPhase;
			buildActionMask = 2147483647;
			files = (
			);
			inputFileListPaths = (
			);
			inputPaths = (
				"$TEMP_DIR/rswift-lastrun",
			);
			outputFileListPaths = (
			);
			outputPaths = (
				$SRCROOT/$PROJECT_NAME/R.generated.swift,
			);
			runOnlyForDeploymentPostprocessing = 0;
			shellPath = /bin/sh;
			shellScript = "\"$PODS_ROOT/R.swift/rswift\" generate \"$SRCROOT/$PROJECT_NAME/R.generated.swift\"\n\n";
		};
		8C9D74F2226C3761004D34F7 /* ShellScript */ = {
			isa = PBXShellScriptBuildPhase;
			buildActionMask = 2147483647;
			files = (
			);
			inputFileListPaths = (
				"",
			);
			inputPaths = (
			);
			outputFileListPaths = (
			);
			outputPaths = (
			);
			runOnlyForDeploymentPostprocessing = 0;
			shellPath = /bin/sh;
			shellScript = "\n# Type a script or drag a script file from your workspace to insert its path.\nif [ $CONFIGURATION = \"Debug\" ]; then\n${PODS_ROOT}/LicensePlist/license-plist --output-path $PRODUCT_NAME/Settings.bundle\nfi\n\n\n\n";
		};
		8CF3AEA523F5571D00FC0648 /* ShellScript */ = {
			isa = PBXShellScriptBuildPhase;
			buildActionMask = 2147483647;
			files = (
			);
			inputFileListPaths = (
			);
			inputPaths = (
			);
			outputFileListPaths = (
			);
			outputPaths = (
			);
			runOnlyForDeploymentPostprocessing = 0;
			shellPath = /bin/sh;
			shellScript = "# Type a script or drag a script file from your workspace to insert its path.\nif [ $CONFIGURATION = \"Debug\" ]; then\n${PODS_ROOT}/LicensePlist/license-plist --output-path $PRODUCT_NAME/Settings.bundle\n\n\"${PODS_ROOT}/Target Support Files/Pods-cychain/Pods-cychain-frameworks.sh\"\nfi\n";
		};
		98A59560C0C3C725A5467177 /* [CP] Copy Pods Resources */ = {
			isa = PBXShellScriptBuildPhase;
			buildActionMask = 2147483647;
			files = (
			);
			inputFileListPaths = (
				"${PODS_ROOT}/Target Support Files/Pods-cychain/Pods-cychain-resources-${CONFIGURATION}-input-files.xcfilelist",
			);
			name = "[CP] Copy Pods Resources";
			outputFileListPaths = (
				"${PODS_ROOT}/Target Support Files/Pods-cychain/Pods-cychain-resources-${CONFIGURATION}-output-files.xcfilelist",
			);
			runOnlyForDeploymentPostprocessing = 0;
			shellPath = /bin/sh;
			shellScript = "\"${PODS_ROOT}/Target Support Files/Pods-cychain/Pods-cychain-resources.sh\"\n";
			showEnvVarsInLog = 0;
		};
		A4F3DD99F3D6DE2A97EA2668 /* [CP] Check Pods Manifest.lock */ = {
			isa = PBXShellScriptBuildPhase;
			buildActionMask = 2147483647;
			files = (
			);
			inputFileListPaths = (
			);
			inputPaths = (
				"${PODS_PODFILE_DIR_PATH}/Podfile.lock",
				"${PODS_ROOT}/Manifest.lock",
			);
			name = "[CP] Check Pods Manifest.lock";
			outputFileListPaths = (
			);
			outputPaths = (
				"$(DERIVED_FILE_DIR)/Pods-cychain copy-checkManifestLockResult.txt",
			);
			runOnlyForDeploymentPostprocessing = 0;
			shellPath = /bin/sh;
			shellScript = "diff \"${PODS_PODFILE_DIR_PATH}/Podfile.lock\" \"${PODS_ROOT}/Manifest.lock\" > /dev/null\nif [ $? != 0 ] ; then\n    # print error to STDERR\n    echo \"error: The sandbox is not in sync with the Podfile.lock. Run 'pod install' or update your CocoaPods installation.\" >&2\n    exit 1\nfi\n# This output is used by Xcode 'outputs' to avoid re-running this script phase.\necho \"SUCCESS\" > \"${SCRIPT_OUTPUT_FILE_0}\"\n";
			showEnvVarsInLog = 0;
		};
		C573BCC373E62F0BFACB4BF3 /* [CP] Embed Pods Frameworks */ = {
			isa = PBXShellScriptBuildPhase;
			buildActionMask = 2147483647;
			files = (
			);
			inputFileListPaths = (
				"${PODS_ROOT}/Target Support Files/Pods-cychain/Pods-cychain-frameworks-${CONFIGURATION}-input-files.xcfilelist",
			);
			name = "[CP] Embed Pods Frameworks";
			outputFileListPaths = (
				"${PODS_ROOT}/Target Support Files/Pods-cychain/Pods-cychain-frameworks-${CONFIGURATION}-output-files.xcfilelist",
			);
			runOnlyForDeploymentPostprocessing = 0;
			shellPath = /bin/sh;
			shellScript = "\"${PODS_ROOT}/Target Support Files/Pods-cychain/Pods-cychain-frameworks.sh\"\n";
			showEnvVarsInLog = 0;
		};
		E25F9B13652DB8FBF47E6E72 /* [CP] Copy Pods Resources */ = {
			isa = PBXShellScriptBuildPhase;
			buildActionMask = 2147483647;
			files = (
			);
			inputFileListPaths = (
				"${PODS_ROOT}/Target Support Files/Pods-cychain copy/Pods-cychain copy-resources-${CONFIGURATION}-input-files.xcfilelist",
			);
			name = "[CP] Copy Pods Resources";
			outputFileListPaths = (
				"${PODS_ROOT}/Target Support Files/Pods-cychain copy/Pods-cychain copy-resources-${CONFIGURATION}-output-files.xcfilelist",
			);
			runOnlyForDeploymentPostprocessing = 0;
			shellPath = /bin/sh;
			shellScript = "\"${PODS_ROOT}/Target Support Files/Pods-cychain copy/Pods-cychain copy-resources.sh\"\n";
			showEnvVarsInLog = 0;
		};
/* End PBXShellScriptBuildPhase section */

/* Begin PBXSourcesBuildPhase section */
		8C7B1EB621D925BC00AFE846 /* Sources */ = {
			isa = PBXSourcesBuildPhase;
			buildActionMask = 2147483647;
			files = (
				8C50ACE123928F5C00FAFBC4 /* SeachResultViewCotroller.swift in Sources */,
				8C50ACDC23928F5C00FAFBC4 /* Pager_SignUp_ViewController.swift in Sources */,
				8C54CBB824C705AF0079C316 /* ImageCrop.swift in Sources */,
				8C980EFF2463F0340071FFD2 /* R.generated.swift in Sources */,
				8C420D08245E7DDB00769F01 /* Alert.swift in Sources */,
				8C423038240EE7D300160A04 /* UDKey.swift in Sources */,
				8C420CFF24540EB000769F01 /* PostListModel.swift in Sources */,
				8CE1B4C22443A2AB009D8698 /* ProfileCell.swift in Sources */,
				8CE1B4B62442EBF6009D8698 /* ShadowButton.swift in Sources */,
				8C50ACC4239289AC00FAFBC4 /* inputDataListCell.swift in Sources */,
				8C4CF5B224ECA30E002C8173 /* MatchModel.swift in Sources */,
				8CEA6A13247A9DDC00A1B283 /* PostViewModel.swift in Sources */,
				8CE1B4BE2442EBF6009D8698 /* Button.swift in Sources */,
				8C7B1EBE21D925BC00AFE846 /* AppDelegate.swift in Sources */,
				8CE1B4BA2442EBF6009D8698 /* textView.swift in Sources */,
				8C48B7A524E4D249000346AB /* SetFirebase.swift in Sources */,
				8C4CF5B824EE21B1002C8173 /* SearchResultViewController.swift in Sources */,
				8C420CF92452B27F00769F01 /* String.swift in Sources */,
				8C50ACC7239289AC00FAFBC4 /* NameCell.swift in Sources */,
				8C50ACEB23928F5C00FAFBC4 /* EditViewController.swift in Sources */,
				8C50ACE323928F5C00FAFBC4 /* TermsViewController.swift in Sources */,
				8C8B06FE242597E8007F7494 /* MuchPopUpVC.swift in Sources */,
				8C50ACEA23928F5C00FAFBC4 /* PostResultViewController.swift in Sources */,
				8C4230342409F5CD00160A04 /* ScrollKeyBoard.swift in Sources */,
				8C3FCD5E24D3A09300ADC76B /* PostResultModel.swift in Sources */,
				8C50ACED23928F5C00FAFBC4 /* SearchViewController.swift in Sources */,
				8CEA6A1624AB421100A1B283 /* PostResultViewModel.swift in Sources */,
				8C4CF5AF24EAAA2E002C8173 /* MatchPopupViewModel.swift in Sources */,
				8C420D05245E2A2500769F01 /* SettingModel.swift in Sources */,
				8C50ACE023928F5C00FAFBC4 /* PolicyViewController.swift in Sources */,
				8C303D68243879F500F080AB /* AuthModel.swift in Sources */,
				8C50ACDD23928F5C00FAFBC4 /* SeachResultMultipleViewCOntroller.swift in Sources */,
				8C8B070A2427566E007F7494 /* MatchData.swift in Sources */,
				8C50ACE623928F5C00FAFBC4 /* PostListViewController.swift in Sources */,
				8C3E3132241CE743008A4DAF /* EditData.swift in Sources */,
				8C50ACE523928F5C00FAFBC4 /* SelectViewController.swift in Sources */,
				8C50ACE823928F5C00FAFBC4 /* PostViewController.swift in Sources */,
				8C42304124110BFB00160A04 /* ImagePickerControllert.swift in Sources */,
				8C303D6224334A5C00F080AB /* UserDataModel.swift in Sources */,
				8C50ACE423928F5C00FAFBC4 /* Pager_LogIn_ViewController.swift in Sources */,
				8C43514024D537B10035FDC4 /* PostListViewModel.swift in Sources */,
				8CE1B4B82442EBF6009D8698 /* textField.swift in Sources */,
				8C48B7A324E4D249000346AB /* SetUserDefault.swift in Sources */,
				8C420CF62452B19800769F01 /* Extention.swift in Sources */,
				8C50ACDF23928F5C00FAFBC4 /* SettingsViewController.swift in Sources */,
				8C303D712439CAFD00F080AB /* AuthView.swift in Sources */,
				8C50ACE923928F5C00FAFBC4 /* InitialViewController.swift in Sources */,
				8C750E01244711EC0003A82C /* MessageCell.swift in Sources */,
				8CE1B4B22442EBF6009D8698 /* View.swift in Sources */,
				8C70D347246157E900150E52 /* Onboarding.swift in Sources */,
				8C249842246FB5D000F81972 /* AuthViewModel.swift in Sources */,
				8CE1B4B42442EBF6009D8698 /* labele.swift in Sources */,
				8C4B052924E2688600FA724F /* SearchViewModel.swift in Sources */,
				8CE1B4BC2442EBF6009D8698 /* contentView.swift in Sources */,
				8C50ACEC23928F5C00FAFBC4 /* SeachResultListViewCOntroller.swift in Sources */,
				8C43513D24D5365B0035FDC4 /* ViewModelType.swift in Sources */,
				8C50ACDE23928F5C00FAFBC4 /* LogInViewController.swift in Sources */,
				8C50ACE723928F5C00FAFBC4 /* SignUpViewController.swift in Sources */,
			);
			runOnlyForDeploymentPostprocessing = 0;
		};
		8CF3AE7D23F5571D00FC0648 /* Sources */ = {
			isa = PBXSourcesBuildPhase;
			buildActionMask = 2147483647;
			files = (
				8CE1B4B52442EBF6009D8698 /* labele.swift in Sources */,
				8C750E02244711EC0003A82C /* MessageCell.swift in Sources */,
				8C54CBB924C705AF0079C316 /* ImageCrop.swift in Sources */,
				8C980F002463F0340071FFD2 /* R.generated.swift in Sources */,
				8CF3AE8023F5571D00FC0648 /* SeachResultViewCotroller.swift in Sources */,
				8C420D09245E7DDB00769F01 /* Alert.swift in Sources */,
				8CF3AE8223F5571D00FC0648 /* Pager_SignUp_ViewController.swift in Sources */,
				8C420D0024540EB000769F01 /* PostListModel.swift in Sources */,
				8C42303F240FB98600160A04 /* UDKey.swift in Sources */,
				8CF3AE8523F5571D00FC0648 /* inputDataListCell.swift in Sources */,
				8C4CF5B324ECA30E002C8173 /* MatchModel.swift in Sources */,
				8CEA6A14247A9DDC00A1B283 /* PostViewModel.swift in Sources */,
				8CF3AE8723F5571D00FC0648 /* AppDelegate.swift in Sources */,
				8CE1B4B92442EBF6009D8698 /* textField.swift in Sources */,
				8CE1B4BD2442EBF6009D8698 /* contentView.swift in Sources */,
				8C48B7A624E4D249000346AB /* SetFirebase.swift in Sources */,
				8C4CF5B924EE21B1002C8173 /* SearchResultViewController.swift in Sources */,
				8C420CFA2452B27F00769F01 /* String.swift in Sources */,
				8CF3AE8823F5571D00FC0648 /* NameCell.swift in Sources */,
				8CF3AE8923F5571D00FC0648 /* EditViewController.swift in Sources */,
				8CF3AE8A23F5571D00FC0648 /* TermsViewController.swift in Sources */,
				8CE1B4BF2442EBF6009D8698 /* Button.swift in Sources */,
				8CF3AE8C23F5571D00FC0648 /* PostResultViewController.swift in Sources */,
				8CE1B4B32442EBF6009D8698 /* View.swift in Sources */,
				8C3FCD5F24D3A09300ADC76B /* PostResultModel.swift in Sources */,
				8C8B06FF242597E8007F7494 /* MuchPopUpVC.swift in Sources */,
				8CEA6A1724AB421100A1B283 /* PostResultViewModel.swift in Sources */,
				8C4CF5B024EAAA2E002C8173 /* MatchPopupViewModel.swift in Sources */,
				8CE1B4B72442EBF6009D8698 /* ShadowButton.swift in Sources */,
				8C420D06245E2A2500769F01 /* SettingModel.swift in Sources */,
				8CE1B4BB2442EBF6009D8698 /* textView.swift in Sources */,
				8C4230352409F5CD00160A04 /* ScrollKeyBoard.swift in Sources */,
				8CF3AE8D23F5571D00FC0648 /* SearchViewController.swift in Sources */,
				8C8B070B2427566E007F7494 /* MatchData.swift in Sources */,
				8CF3AE8F23F5571D00FC0648 /* PolicyViewController.swift in Sources */,
				8CBD3E2F245067AB00DA7FCE /* ImagePickerControllert.swift in Sources */,
				8C303D6324334A5C00F080AB /* UserDataModel.swift in Sources */,
				8CF3AE9123F5571D00FC0648 /* SeachResultMultipleViewCOntroller.swift in Sources */,
				8CF3AE9223F5571D00FC0648 /* PostListViewController.swift in Sources */,
				8C303D69243879F500F080AB /* AuthModel.swift in Sources */,
				8C43514124D537B10035FDC4 /* PostListViewModel.swift in Sources */,
				8CF3AE9423F5571D00FC0648 /* SelectViewController.swift in Sources */,
				8C48B7A424E4D249000346AB /* SetUserDefault.swift in Sources */,
				8C303D722439CAFD00F080AB /* AuthView.swift in Sources */,
				8C420CF72452B19800769F01 /* Extention.swift in Sources */,
				8CF3AE9523F5571D00FC0648 /* PostViewController.swift in Sources */,
				8CF3AE9723F5571D00FC0648 /* Pager_LogIn_ViewController.swift in Sources */,
				8CF3AE9823F5571D00FC0648 /* SettingsViewController.swift in Sources */,
				8C265FDA24403A6F00E21AFF /* EditData.swift in Sources */,
				8C70D348246157E900150E52 /* Onboarding.swift in Sources */,
				8C249843246FB5D000F81972 /* AuthViewModel.swift in Sources */,
				8CF3AE9923F5571D00FC0648 /* InitialViewController.swift in Sources */,
				8C4B052A24E2688600FA724F /* SearchViewModel.swift in Sources */,
				8CF3AE9A23F5571D00FC0648 /* SeachResultListViewCOntroller.swift in Sources */,
				8CF3AE9B23F5571D00FC0648 /* LogInViewController.swift in Sources */,
				8C43513E24D5365B0035FDC4 /* ViewModelType.swift in Sources */,
				8CF3AE9C23F5571D00FC0648 /* SignUpViewController.swift in Sources */,
				8CE1B4C32443A2AB009D8698 /* ProfileCell.swift in Sources */,
			);
			runOnlyForDeploymentPostprocessing = 0;
		};
/* End PBXSourcesBuildPhase section */

/* Begin PBXVariantGroup section */
		8C7B1EC621D925BC00AFE846 /* LaunchScreen.storyboard */ = {
			isa = PBXVariantGroup;
			children = (
				8C7B1EC721D925BC00AFE846 /* Base */,
			);
			name = LaunchScreen.storyboard;
			sourceTree = "<group>";
		};
/* End PBXVariantGroup section */

/* Begin XCBuildConfiguration section */
		8C7B1ECA21D925BC00AFE846 /* Debug */ = {
			isa = XCBuildConfiguration;
			buildSettings = {
				ALWAYS_SEARCH_USER_PATHS = NO;
				CLANG_ANALYZER_NONNULL = YES;
				CLANG_ANALYZER_NUMBER_OBJECT_CONVERSION = YES_AGGRESSIVE;
				CLANG_CXX_LANGUAGE_STANDARD = "gnu++14";
				CLANG_CXX_LIBRARY = "libc++";
				CLANG_ENABLE_MODULES = YES;
				CLANG_ENABLE_OBJC_ARC = YES;
				CLANG_ENABLE_OBJC_WEAK = YES;
				CLANG_WARN_BLOCK_CAPTURE_AUTORELEASING = YES;
				CLANG_WARN_BOOL_CONVERSION = YES;
				CLANG_WARN_COMMA = YES;
				CLANG_WARN_CONSTANT_CONVERSION = YES;
				CLANG_WARN_DEPRECATED_OBJC_IMPLEMENTATIONS = YES;
				CLANG_WARN_DIRECT_OBJC_ISA_USAGE = YES_ERROR;
				CLANG_WARN_DOCUMENTATION_COMMENTS = YES;
				CLANG_WARN_EMPTY_BODY = YES;
				CLANG_WARN_ENUM_CONVERSION = YES;
				CLANG_WARN_INFINITE_RECURSION = YES;
				CLANG_WARN_INT_CONVERSION = YES;
				CLANG_WARN_NON_LITERAL_NULL_CONVERSION = YES;
				CLANG_WARN_OBJC_IMPLICIT_RETAIN_SELF = YES;
				CLANG_WARN_OBJC_LITERAL_CONVERSION = YES;
				CLANG_WARN_OBJC_ROOT_CLASS = YES_ERROR;
				CLANG_WARN_RANGE_LOOP_ANALYSIS = YES;
				CLANG_WARN_STRICT_PROTOTYPES = YES;
				CLANG_WARN_SUSPICIOUS_MOVE = YES;
				CLANG_WARN_UNGUARDED_AVAILABILITY = YES_AGGRESSIVE;
				CLANG_WARN_UNREACHABLE_CODE = YES;
				CLANG_WARN__DUPLICATE_METHOD_MATCH = YES;
				CODE_SIGN_IDENTITY = "iPhone Developer";
				COPY_PHASE_STRIP = NO;
				DEBUG_INFORMATION_FORMAT = dwarf;
				ENABLE_STRICT_OBJC_MSGSEND = YES;
				ENABLE_TESTABILITY = YES;
				GCC_C_LANGUAGE_STANDARD = gnu11;
				GCC_DYNAMIC_NO_PIC = NO;
				GCC_NO_COMMON_BLOCKS = YES;
				GCC_OPTIMIZATION_LEVEL = 0;
				GCC_PREPROCESSOR_DEFINITIONS = (
					"DEBUG=1",
					"$(inherited)",
				);
				GCC_WARN_64_TO_32_BIT_CONVERSION = YES;
				GCC_WARN_ABOUT_RETURN_TYPE = YES_ERROR;
				GCC_WARN_UNDECLARED_SELECTOR = YES;
				GCC_WARN_UNINITIALIZED_AUTOS = YES_AGGRESSIVE;
				GCC_WARN_UNUSED_FUNCTION = YES;
				GCC_WARN_UNUSED_VARIABLE = YES;
				IPHONEOS_DEPLOYMENT_TARGET = 12.1;
				MTL_ENABLE_DEBUG_INFO = INCLUDE_SOURCE;
				MTL_FAST_MATH = YES;
				ONLY_ACTIVE_ARCH = YES;
				SDKROOT = iphoneos;
				SWIFT_ACTIVE_COMPILATION_CONDITIONS = DEBUG;
				SWIFT_OPTIMIZATION_LEVEL = "-Onone";
			};
			name = Debug;
		};
		8C7B1ECB21D925BC00AFE846 /* Release */ = {
			isa = XCBuildConfiguration;
			buildSettings = {
				ALWAYS_SEARCH_USER_PATHS = NO;
				CLANG_ANALYZER_NONNULL = YES;
				CLANG_ANALYZER_NUMBER_OBJECT_CONVERSION = YES_AGGRESSIVE;
				CLANG_CXX_LANGUAGE_STANDARD = "gnu++14";
				CLANG_CXX_LIBRARY = "libc++";
				CLANG_ENABLE_MODULES = YES;
				CLANG_ENABLE_OBJC_ARC = YES;
				CLANG_ENABLE_OBJC_WEAK = YES;
				CLANG_WARN_BLOCK_CAPTURE_AUTORELEASING = YES;
				CLANG_WARN_BOOL_CONVERSION = YES;
				CLANG_WARN_COMMA = YES;
				CLANG_WARN_CONSTANT_CONVERSION = YES;
				CLANG_WARN_DEPRECATED_OBJC_IMPLEMENTATIONS = YES;
				CLANG_WARN_DIRECT_OBJC_ISA_USAGE = YES_ERROR;
				CLANG_WARN_DOCUMENTATION_COMMENTS = YES;
				CLANG_WARN_EMPTY_BODY = YES;
				CLANG_WARN_ENUM_CONVERSION = YES;
				CLANG_WARN_INFINITE_RECURSION = YES;
				CLANG_WARN_INT_CONVERSION = YES;
				CLANG_WARN_NON_LITERAL_NULL_CONVERSION = YES;
				CLANG_WARN_OBJC_IMPLICIT_RETAIN_SELF = YES;
				CLANG_WARN_OBJC_LITERAL_CONVERSION = YES;
				CLANG_WARN_OBJC_ROOT_CLASS = YES_ERROR;
				CLANG_WARN_RANGE_LOOP_ANALYSIS = YES;
				CLANG_WARN_STRICT_PROTOTYPES = YES;
				CLANG_WARN_SUSPICIOUS_MOVE = YES;
				CLANG_WARN_UNGUARDED_AVAILABILITY = YES_AGGRESSIVE;
				CLANG_WARN_UNREACHABLE_CODE = YES;
				CLANG_WARN__DUPLICATE_METHOD_MATCH = YES;
				CODE_SIGN_IDENTITY = "iPhone Developer";
				COPY_PHASE_STRIP = NO;
				DEBUG_INFORMATION_FORMAT = "dwarf-with-dsym";
				ENABLE_NS_ASSERTIONS = NO;
				ENABLE_STRICT_OBJC_MSGSEND = YES;
				GCC_C_LANGUAGE_STANDARD = gnu11;
				GCC_NO_COMMON_BLOCKS = YES;
				GCC_WARN_64_TO_32_BIT_CONVERSION = YES;
				GCC_WARN_ABOUT_RETURN_TYPE = YES_ERROR;
				GCC_WARN_UNDECLARED_SELECTOR = YES;
				GCC_WARN_UNINITIALIZED_AUTOS = YES_AGGRESSIVE;
				GCC_WARN_UNUSED_FUNCTION = YES;
				GCC_WARN_UNUSED_VARIABLE = YES;
				IPHONEOS_DEPLOYMENT_TARGET = 12.1;
				MTL_ENABLE_DEBUG_INFO = NO;
				MTL_FAST_MATH = YES;
				SDKROOT = iphoneos;
				SWIFT_COMPILATION_MODE = wholemodule;
				SWIFT_OPTIMIZATION_LEVEL = "-O";
				VALIDATE_PRODUCT = YES;
			};
			name = Release;
		};
		8C7B1ECD21D925BC00AFE846 /* Debug */ = {
			isa = XCBuildConfiguration;
			baseConfigurationReference = DA190308B3E6E52FF563D7CE /* Pods-cychain.debug.xcconfig */;
			buildSettings = {
				ASSETCATALOG_COMPILER_APPICON_NAME = AppIcon;
				CLANG_ALLOW_NON_MODULAR_INCLUDES_IN_FRAMEWORK_MODULES = NO;
				CLANG_ENABLE_MODULES = YES;
				CODE_SIGN_IDENTITY = "iPhone Developer";
				CODE_SIGN_STYLE = Automatic;
				CURRENT_PROJECT_VERSION = 1.0.9;
				DEVELOPMENT_TEAM = 83M974TQ66;
				FRAMEWORK_SEARCH_PATHS = "$(inherited)";
				GCC_NO_COMMON_BLOCKS = YES;
				INFOPLIST_FILE = cychain/Info.plist;
				LD_RUNPATH_SEARCH_PATHS = (
					"$(inherited)",
					"@executable_path/Frameworks",
				);
				MACOSX_DEPLOYMENT_TARGET = 10.15;
				MARKETING_VERSION = 1.0.9;
				OTHER_SWIFT_FLAGS = "$(inherited)";
				PRODUCT_BUNDLE_IDENTIFIER = com.cychaincontact.cychain;
				PRODUCT_NAME = "$(TARGET_NAME)";
				PROVISIONING_PROFILE_SPECIFIER = "";
				SWIFT_OBJC_BRIDGING_HEADER = "abcd-Bridging-Header.h";
				SWIFT_OPTIMIZATION_LEVEL = "-Onone";
				SWIFT_VERSION = 5.0;
				TARGETED_DEVICE_FAMILY = 1;
			};
			name = Debug;
		};
		8C7B1ECE21D925BC00AFE846 /* Release */ = {
			isa = XCBuildConfiguration;
			baseConfigurationReference = 78903793C3E6574AB9589EE5 /* Pods-cychain.release.xcconfig */;
			buildSettings = {
				ASSETCATALOG_COMPILER_APPICON_NAME = AppIcon;
				CLANG_ALLOW_NON_MODULAR_INCLUDES_IN_FRAMEWORK_MODULES = NO;
				CLANG_ENABLE_MODULES = YES;
				CODE_SIGN_IDENTITY = "iPhone Developer";
				CODE_SIGN_STYLE = Automatic;
				CURRENT_PROJECT_VERSION = 1.0.9;
				DEVELOPMENT_TEAM = 83M974TQ66;
				FRAMEWORK_SEARCH_PATHS = "$(inherited)";
				GCC_NO_COMMON_BLOCKS = YES;
				INFOPLIST_FILE = cychain/Info.plist;
				LD_RUNPATH_SEARCH_PATHS = (
					"$(inherited)",
					"@executable_path/Frameworks",
				);
				MACOSX_DEPLOYMENT_TARGET = 10.15;
				MARKETING_VERSION = 1.0.9;
				OTHER_SWIFT_FLAGS = "$(inherited)";
				PRODUCT_BUNDLE_IDENTIFIER = com.cychaincontact.cychain;
				PRODUCT_NAME = "$(TARGET_NAME)";
				PROVISIONING_PROFILE_SPECIFIER = "";
				SWIFT_OBJC_BRIDGING_HEADER = "abcd-Bridging-Header.h";
				SWIFT_VERSION = 5.0;
				TARGETED_DEVICE_FAMILY = 1;
			};
			name = Release;
		};
		8CF3AEA923F5571D00FC0648 /* Debug */ = {
			isa = XCBuildConfiguration;
			baseConfigurationReference = 59FE75677E3C42D89685796F /* Pods-cychain copy.debug.xcconfig */;
			buildSettings = {
				ASSETCATALOG_COMPILER_APPICON_NAME = AppIcon;
				CLANG_ALLOW_NON_MODULAR_INCLUDES_IN_FRAMEWORK_MODULES = NO;
				CLANG_ENABLE_MODULES = YES;
				CODE_SIGN_IDENTITY = "iPhone Developer";
				CODE_SIGN_STYLE = Automatic;
				CURRENT_PROJECT_VERSION = 1.0.8;
				DEVELOPMENT_TEAM = 83M974TQ66;
				FRAMEWORK_SEARCH_PATHS = "$(inherited)";
				GCC_NO_COMMON_BLOCKS = YES;
				INFOPLIST_FILE = cychain/Info.plist;
				LD_RUNPATH_SEARCH_PATHS = (
					"$(inherited)",
					"@executable_path/Frameworks",
				);
				MARKETING_VERSION = 1.0.8;
				OTHER_SWIFT_FLAGS = "$(inherited)";
				PRODUCT_BUNDLE_IDENTIFIER = com.cychaincontact.cychain;
				PRODUCT_NAME = "$(TARGET_NAME)";
				PROVISIONING_PROFILE_SPECIFIER = "";
				SWIFT_OBJC_BRIDGING_HEADER = "abcd-Bridging-Header.h";
				SWIFT_OPTIMIZATION_LEVEL = "-Onone";
				SWIFT_VERSION = 5.0;
				TARGETED_DEVICE_FAMILY = 1;
			};
			name = Debug;
		};
		8CF3AEAA23F5571D00FC0648 /* Release */ = {
			isa = XCBuildConfiguration;
			baseConfigurationReference = 2677350149C6996E875A6921 /* Pods-cychain copy.release.xcconfig */;
			buildSettings = {
				ASSETCATALOG_COMPILER_APPICON_NAME = AppIcon;
				CLANG_ALLOW_NON_MODULAR_INCLUDES_IN_FRAMEWORK_MODULES = NO;
				CLANG_ENABLE_MODULES = YES;
				CODE_SIGN_IDENTITY = "iPhone Developer";
				CODE_SIGN_STYLE = Automatic;
				CURRENT_PROJECT_VERSION = 1.0.8;
				DEVELOPMENT_TEAM = 83M974TQ66;
				FRAMEWORK_SEARCH_PATHS = "$(inherited)";
				GCC_NO_COMMON_BLOCKS = YES;
				INFOPLIST_FILE = cychain/Info.plist;
				LD_RUNPATH_SEARCH_PATHS = (
					"$(inherited)",
					"@executable_path/Frameworks",
				);
				MARKETING_VERSION = 1.0.8;
				OTHER_SWIFT_FLAGS = "$(inherited)";
				PRODUCT_BUNDLE_IDENTIFIER = com.cychaincontact.cychain;
				PRODUCT_NAME = "$(TARGET_NAME)";
				PROVISIONING_PROFILE_SPECIFIER = "";
				SWIFT_OBJC_BRIDGING_HEADER = "abcd-Bridging-Header.h";
				SWIFT_VERSION = 5.0;
				TARGETED_DEVICE_FAMILY = 1;
			};
			name = Release;
		};
/* End XCBuildConfiguration section */

/* Begin XCConfigurationList section */
		8C7B1EB521D925BC00AFE846 /* Build configuration list for PBXProject "cychain" */ = {
			isa = XCConfigurationList;
			buildConfigurations = (
				8C7B1ECA21D925BC00AFE846 /* Debug */,
				8C7B1ECB21D925BC00AFE846 /* Release */,
			);
			defaultConfigurationIsVisible = 0;
			defaultConfigurationName = Release;
		};
		8C7B1ECC21D925BC00AFE846 /* Build configuration list for PBXNativeTarget "cychain" */ = {
			isa = XCConfigurationList;
			buildConfigurations = (
				8C7B1ECD21D925BC00AFE846 /* Debug */,
				8C7B1ECE21D925BC00AFE846 /* Release */,
			);
			defaultConfigurationIsVisible = 0;
			defaultConfigurationName = Release;
		};
		8CF3AEA823F5571D00FC0648 /* Build configuration list for PBXNativeTarget "cychain copy" */ = {
			isa = XCConfigurationList;
			buildConfigurations = (
				8CF3AEA923F5571D00FC0648 /* Debug */,
				8CF3AEAA23F5571D00FC0648 /* Release */,
			);
			defaultConfigurationIsVisible = 0;
			defaultConfigurationName = Release;
		};
/* End XCConfigurationList section */
	};
	rootObject = 8C7B1EB221D925BC00AFE846 /* Project object */;
}
